// !$*UTF8*$!
{
	archiveVersion = 1;
	classes = {
	};
	objectVersion = 46;
	objects = {

/* Begin PBXBuildFile section */
		90311C241F20CB3C008B57F2 /* m42-final.jpg in Resources */ = {isa = PBXBuildFile; fileRef = 90311C231F20CB3C008B57F2 /* m42-final.jpg */; };
		903772381F115D62005F1A2B /* blackwhite.png in Resources */ = {isa = PBXBuildFile; fileRef = 903772371F115D62005F1A2B /* blackwhite.png */; };
		9037723B1F120F10005F1A2B /* MendezTransformView.m in Sources */ = {isa = PBXBuildFile; fileRef = 9037723A1F120F10005F1A2B /* MendezTransformView.m */; };
		903772411F127FC1005F1A2B /* MendezView.m in Sources */ = {isa = PBXBuildFile; fileRef = 903772401F127FC1005F1A2B /* MendezView.m */; };
		903B7E5B264DAF6500AE09FB /* roman.jpg in Resources */ = {isa = PBXBuildFile; fileRef = 903B7E5A264DAF6500AE09FB /* roman.jpg */; };
		905B947D1F212539004AA9BF /* MendezTransformsView.m in Sources */ = {isa = PBXBuildFile; fileRef = 905B947C1F212539004AA9BF /* MendezTransformsView.m */; };
		905B94801F215836004AA9BF /* ImageSelectionController.m in Sources */ = {isa = PBXBuildFile; fileRef = 905B947F1F215836004AA9BF /* ImageSelectionController.m */; };
		905B94831F221032004AA9BF /* MendezTransformResult.m in Sources */ = {isa = PBXBuildFile; fileRef = 905B94821F221032004AA9BF /* MendezTransformResult.m */; };
		905B94851F223DFB004AA9BF /* m42-smooth.jpg in Resources */ = {isa = PBXBuildFile; fileRef = 905B94841F223DFB004AA9BF /* m42-smooth.jpg */; };
		905B948B1F228B90004AA9BF /* StripeImage.m in Sources */ = {isa = PBXBuildFile; fileRef = 905B948A1F228B90004AA9BF /* StripeImage.m */; };
		905B948E1F229C25004AA9BF /* DotsImage.m in Sources */ = {isa = PBXBuildFile; fileRef = 905B948D1F229C25004AA9BF /* DotsImage.m */; };
		905B94911F22A1E0004AA9BF /* ComputedImage.m in Sources */ = {isa = PBXBuildFile; fileRef = 905B94901F22A1E0004AA9BF /* ComputedImage.m */; };
		905B94931F233539004AA9BF /* ComparisonFilter.cikernel in Resources */ = {isa = PBXBuildFile; fileRef = 905B94921F233539004AA9BF /* ComparisonFilter.cikernel */; };
		905B94981F234492004AA9BF /* ComparisonFilter.m in Sources */ = {isa = PBXBuildFile; fileRef = 905B94971F234492004AA9BF /* ComparisonFilter.m */; };
		905B949B1F234E1C004AA9BF /* ComparisonFilterGenerator.m in Sources */ = {isa = PBXBuildFile; fileRef = 905B949A1F234E1C004AA9BF /* ComparisonFilterGenerator.m */; };
		905B949D1F236BB3004AA9BF /* eth-main-building.jpg in Resources */ = {isa = PBXBuildFile; fileRef = 905B949C1F236BB3004AA9BF /* eth-main-building.jpg */; };
		905B949F1F236D1A004AA9BF /* hsr.jpg in Resources */ = {isa = PBXBuildFile; fileRef = 905B949E1F236D1A004AA9BF /* hsr.jpg */; };
		905B94A21F23AA00004AA9BF /* VectorTypes.m in Sources */ = {isa = PBXBuildFile; fileRef = 905B94A11F23AA00004AA9BF /* VectorTypes.m */; };
		905B94A51F23DA86004AA9BF /* GridImage.m in Sources */ = {isa = PBXBuildFile; fileRef = 905B94A41F23DA86004AA9BF /* GridImage.m */; };
		905B94A81F248762004AA9BF /* m42-launch-retina.jpg in Resources */ = {isa = PBXBuildFile; fileRef = 905B94A61F248762004AA9BF /* m42-launch-retina.jpg */; };
		905B94A91F248762004AA9BF /* m42-launch.jpg in Resources */ = {isa = PBXBuildFile; fileRef = 905B94A71F248762004AA9BF /* m42-launch.jpg */; };
		905B94B01F2490AF004AA9BF /* HelpViewController.m in Sources */ = {isa = PBXBuildFile; fileRef = 905B94AF1F2490AF004AA9BF /* HelpViewController.m */; };
		905B94B31F249706004AA9BF /* HelpView.m in Sources */ = {isa = PBXBuildFile; fileRef = 905B94B21F249706004AA9BF /* HelpView.m */; };
		905B94B71F249C3B004AA9BF /* help.html in Resources */ = {isa = PBXBuildFile; fileRef = 905B94B61F249C3B004AA9BF /* help.html */; };
		906BDEFE1F20DAEC00778F44 /* SpheresView.m in Sources */ = {isa = PBXBuildFile; fileRef = 906BDEFD1F20DAEC00778F44 /* SpheresView.m */; };
		906BDF011F20E14F00778F44 /* ImageSelectionDatasource.m in Sources */ = {isa = PBXBuildFile; fileRef = 906BDF001F20E14F00778F44 /* ImageSelectionDatasource.m */; };
		906BDF031F20E7B000778F44 /* afm.jpg in Resources */ = {isa = PBXBuildFile; fileRef = 906BDF021F20E7B000778F44 /* afm.jpg */; };
		906BDF0E1F210CC700778F44 /* tabea.jpg in Resources */ = {isa = PBXBuildFile; fileRef = 906BDF0D1F210CC700778F44 /* tabea.jpg */; };
		909CBFF81F0E8E6F005172C3 /* main.m in Sources */ = {isa = PBXBuildFile; fileRef = 909CBFF71F0E8E6F005172C3 /* main.m */; };
		909CBFFB1F0E8E6F005172C3 /* AppDelegate.m in Sources */ = {isa = PBXBuildFile; fileRef = 909CBFFA1F0E8E6F005172C3 /* AppDelegate.m */; };
		909CBFFE1F0E8E6F005172C3 /* ViewController.m in Sources */ = {isa = PBXBuildFile; fileRef = 909CBFFD1F0E8E6F005172C3 /* ViewController.m */; };
		909CC0011F0E8E6F005172C3 /* Main.storyboard in Resources */ = {isa = PBXBuildFile; fileRef = 909CBFFF1F0E8E6F005172C3 /* Main.storyboard */; };
		909CC0031F0E8E6F005172C3 /* Assets.xcassets in Resources */ = {isa = PBXBuildFile; fileRef = 909CC0021F0E8E6F005172C3 /* Assets.xcassets */; };
		909CC0111F0E8E6F005172C3 /* MendezTransformTests.m in Sources */ = {isa = PBXBuildFile; fileRef = 909CC0101F0E8E6F005172C3 /* MendezTransformTests.m */; };
		909CC01C1F0E8E6F005172C3 /* MendezTransformUITests.m in Sources */ = {isa = PBXBuildFile; fileRef = 909CC01B1F0E8E6F005172C3 /* MendezTransformUITests.m */; };
		909CC02A1F0E951A005172C3 /* Rotation.m in Sources */ = {isa = PBXBuildFile; fileRef = 909CC0291F0E951A005172C3 /* Rotation.m */; };
		909CC02E1F0EAC88005172C3 /* SpherePoint.m in Sources */ = {isa = PBXBuildFile; fileRef = 909CC02D1F0EAC88005172C3 /* SpherePoint.m */; };
		909CC0311F11305F005172C3 /* SphereGrid.m in Sources */ = {isa = PBXBuildFile; fileRef = 909CC0301F11305F005172C3 /* SphereGrid.m */; };
		909CC0341F1131B7005172C3 /* CoreGraphics.framework in Frameworks */ = {isa = PBXBuildFile; fileRef = 909CC0331F1131B7005172C3 /* CoreGraphics.framework */; };
		909CC0361F1131C5005172C3 /* SceneKit.framework in Frameworks */ = {isa = PBXBuildFile; fileRef = 909CC0351F1131C5005172C3 /* SceneKit.framework */; };
		909CC0381F11427C005172C3 /* SphereFunction.m in Sources */ = {isa = PBXBuildFile; fileRef = 909CC0371F11427C005172C3 /* SphereFunction.m */; };
		909CC03B1F114C1E005172C3 /* Mtransform.m in Sources */ = {isa = PBXBuildFile; fileRef = 909CC03A1F114C1E005172C3 /* Mtransform.m */; };
		90AEF0DC1F27685700C7E73A /* Buchtitel.png in Resources */ = {isa = PBXBuildFile; fileRef = 90AEF0DB1F27685700C7E73A /* Buchtitel.png */; };
		90FC19D32381504700E480DB /* QuadrantImage.m in Sources */ = {isa = PBXBuildFile; fileRef = 90FC19D22381504700E480DB /* QuadrantImage.m */; };
		90FC19D623815C2D00E480DB /* AxisImage.m in Sources */ = {isa = PBXBuildFile; fileRef = 90FC19D523815C2D00E480DB /* AxisImage.m */; };
		90FC19D923815E7300E480DB /* XAxisImage.m in Sources */ = {isa = PBXBuildFile; fileRef = 90FC19D823815E7300E480DB /* XAxisImage.m */; };
		90FC19DC23815F0200E480DB /* YAxisImage.m in Sources */ = {isa = PBXBuildFile; fileRef = 90FC19DB23815F0200E480DB /* YAxisImage.m */; };
		90FC19DF23815F5000E480DB /* ZAxisImage.m in Sources */ = {isa = PBXBuildFile; fileRef = 90FC19DE23815F5000E480DB /* ZAxisImage.m */; };
		90FC19E42381EB9100E480DB /* rotate_almost.jpg in Resources */ = {isa = PBXBuildFile; fileRef = 90FC19E02381EB9100E480DB /* rotate_almost.jpg */; };
		90FC19E52381EB9100E480DB /* find_aligned.jpg in Resources */ = {isa = PBXBuildFile; fileRef = 90FC19E12381EB9100E480DB /* find_aligned.jpg */; };
		90FC19E62381EB9100E480DB /* find_misaligned.jpg in Resources */ = {isa = PBXBuildFile; fileRef = 90FC19E22381EB9100E480DB /* find_misaligned.jpg */; };
		90FC19E72381EB9100E480DB /* rotate_exact.jpg in Resources */ = {isa = PBXBuildFile; fileRef = 90FC19E32381EB9100E480DB /* rotate_exact.jpg */; };
		90FC19E92381F05600E480DB /* Launch Screen.storyboard in Resources */ = {isa = PBXBuildFile; fileRef = 90FC19E82381F05600E480DB /* Launch Screen.storyboard */; };
/* End PBXBuildFile section */

/* Begin PBXContainerItemProxy section */
		909CC00D1F0E8E6F005172C3 /* PBXContainerItemProxy */ = {
			isa = PBXContainerItemProxy;
			containerPortal = 909CBFEB1F0E8E6F005172C3 /* Project object */;
			proxyType = 1;
			remoteGlobalIDString = 909CBFF21F0E8E6F005172C3;
			remoteInfo = MendezTransform;
		};
		909CC0181F0E8E6F005172C3 /* PBXContainerItemProxy */ = {
			isa = PBXContainerItemProxy;
			containerPortal = 909CBFEB1F0E8E6F005172C3 /* Project object */;
			proxyType = 1;
			remoteGlobalIDString = 909CBFF21F0E8E6F005172C3;
			remoteInfo = MendezTransform;
		};
/* End PBXContainerItemProxy section */

/* Begin PBXFileReference section */
		90311C231F20CB3C008B57F2 /* m42-final.jpg */ = {isa = PBXFileReference; lastKnownFileType = image.jpeg; path = "m42-final.jpg"; sourceTree = "<group>"; };
		903772371F115D62005F1A2B /* blackwhite.png */ = {isa = PBXFileReference; lastKnownFileType = image.png; path = blackwhite.png; sourceTree = "<group>"; };
		903772391F120F10005F1A2B /* MendezTransformView.h */ = {isa = PBXFileReference; fileEncoding = 4; lastKnownFileType = sourcecode.c.h; path = MendezTransformView.h; sourceTree = "<group>"; };
		9037723A1F120F10005F1A2B /* MendezTransformView.m */ = {isa = PBXFileReference; fileEncoding = 4; lastKnownFileType = sourcecode.c.objc; path = MendezTransformView.m; sourceTree = "<group>"; };
		9037723F1F127FC1005F1A2B /* MendezView.h */ = {isa = PBXFileReference; fileEncoding = 4; lastKnownFileType = sourcecode.c.h; path = MendezView.h; sourceTree = "<group>"; };
		903772401F127FC1005F1A2B /* MendezView.m */ = {isa = PBXFileReference; fileEncoding = 4; lastKnownFileType = sourcecode.c.objc; path = MendezView.m; sourceTree = "<group>"; };
		903B7E5A264DAF6500AE09FB /* roman.jpg */ = {isa = PBXFileReference; lastKnownFileType = image.jpeg; path = roman.jpg; sourceTree = "<group>"; };
		905B947B1F212539004AA9BF /* MendezTransformsView.h */ = {isa = PBXFileReference; fileEncoding = 4; lastKnownFileType = sourcecode.c.h; path = MendezTransformsView.h; sourceTree = "<group>"; };
		905B947C1F212539004AA9BF /* MendezTransformsView.m */ = {isa = PBXFileReference; fileEncoding = 4; lastKnownFileType = sourcecode.c.objc; path = MendezTransformsView.m; sourceTree = "<group>"; };
		905B947E1F21581F004AA9BF /* ImageSelectionController.h */ = {isa = PBXFileReference; fileEncoding = 4; lastKnownFileType = sourcecode.c.h; path = ImageSelectionController.h; sourceTree = "<group>"; };
		905B947F1F215836004AA9BF /* ImageSelectionController.m */ = {isa = PBXFileReference; fileEncoding = 4; lastKnownFileType = sourcecode.c.objc; path = ImageSelectionController.m; sourceTree = "<group>"; };
		905B94811F221032004AA9BF /* MendezTransformResult.h */ = {isa = PBXFileReference; fileEncoding = 4; lastKnownFileType = sourcecode.c.h; path = MendezTransformResult.h; sourceTree = "<group>"; };
		905B94821F221032004AA9BF /* MendezTransformResult.m */ = {isa = PBXFileReference; fileEncoding = 4; lastKnownFileType = sourcecode.c.objc; path = MendezTransformResult.m; sourceTree = "<group>"; };
		905B94841F223DFB004AA9BF /* m42-smooth.jpg */ = {isa = PBXFileReference; lastKnownFileType = image.jpeg; path = "m42-smooth.jpg"; sourceTree = "<group>"; };
		905B94891F228B90004AA9BF /* StripeImage.h */ = {isa = PBXFileReference; fileEncoding = 4; lastKnownFileType = sourcecode.c.h; path = StripeImage.h; sourceTree = "<group>"; };
		905B948A1F228B90004AA9BF /* StripeImage.m */ = {isa = PBXFileReference; fileEncoding = 4; lastKnownFileType = sourcecode.c.objc; path = StripeImage.m; sourceTree = "<group>"; };
		905B948C1F229C25004AA9BF /* DotsImage.h */ = {isa = PBXFileReference; fileEncoding = 4; lastKnownFileType = sourcecode.c.h; path = DotsImage.h; sourceTree = "<group>"; };
		905B948D1F229C25004AA9BF /* DotsImage.m */ = {isa = PBXFileReference; fileEncoding = 4; lastKnownFileType = sourcecode.c.objc; path = DotsImage.m; sourceTree = "<group>"; };
		905B948F1F22A1E0004AA9BF /* ComputedImage.h */ = {isa = PBXFileReference; fileEncoding = 4; lastKnownFileType = sourcecode.c.h; path = ComputedImage.h; sourceTree = "<group>"; };
		905B94901F22A1E0004AA9BF /* ComputedImage.m */ = {isa = PBXFileReference; fileEncoding = 4; lastKnownFileType = sourcecode.c.objc; path = ComputedImage.m; sourceTree = "<group>"; };
		905B94921F233539004AA9BF /* ComparisonFilter.cikernel */ = {isa = PBXFileReference; fileEncoding = 4; lastKnownFileType = text; path = ComparisonFilter.cikernel; sourceTree = "<group>"; };
		905B94961F234492004AA9BF /* ComparisonFilter.h */ = {isa = PBXFileReference; fileEncoding = 4; lastKnownFileType = sourcecode.c.h; path = ComparisonFilter.h; sourceTree = "<group>"; };
		905B94971F234492004AA9BF /* ComparisonFilter.m */ = {isa = PBXFileReference; fileEncoding = 4; lastKnownFileType = sourcecode.c.objc; path = ComparisonFilter.m; sourceTree = "<group>"; };
		905B94991F234E1C004AA9BF /* ComparisonFilterGenerator.h */ = {isa = PBXFileReference; fileEncoding = 4; lastKnownFileType = sourcecode.c.h; path = ComparisonFilterGenerator.h; sourceTree = "<group>"; };
		905B949A1F234E1C004AA9BF /* ComparisonFilterGenerator.m */ = {isa = PBXFileReference; fileEncoding = 4; lastKnownFileType = sourcecode.c.objc; path = ComparisonFilterGenerator.m; sourceTree = "<group>"; };
		905B949C1F236BB3004AA9BF /* eth-main-building.jpg */ = {isa = PBXFileReference; lastKnownFileType = image.jpeg; path = "eth-main-building.jpg"; sourceTree = "<group>"; };
		905B949E1F236D1A004AA9BF /* hsr.jpg */ = {isa = PBXFileReference; lastKnownFileType = image.jpeg; path = hsr.jpg; sourceTree = "<group>"; };
		905B94A01F23A9BC004AA9BF /* VectorTypes.h */ = {isa = PBXFileReference; lastKnownFileType = sourcecode.c.h; path = VectorTypes.h; sourceTree = "<group>"; };
		905B94A11F23AA00004AA9BF /* VectorTypes.m */ = {isa = PBXFileReference; fileEncoding = 4; lastKnownFileType = sourcecode.c.objc; path = VectorTypes.m; sourceTree = "<group>"; };
		905B94A31F23DA86004AA9BF /* GridImage.h */ = {isa = PBXFileReference; fileEncoding = 4; lastKnownFileType = sourcecode.c.h; path = GridImage.h; sourceTree = "<group>"; };
		905B94A41F23DA86004AA9BF /* GridImage.m */ = {isa = PBXFileReference; fileEncoding = 4; lastKnownFileType = sourcecode.c.objc; path = GridImage.m; sourceTree = "<group>"; };
		905B94A61F248762004AA9BF /* m42-launch-retina.jpg */ = {isa = PBXFileReference; lastKnownFileType = image.jpeg; path = "m42-launch-retina.jpg"; sourceTree = "<group>"; };
		905B94A71F248762004AA9BF /* m42-launch.jpg */ = {isa = PBXFileReference; lastKnownFileType = image.jpeg; path = "m42-launch.jpg"; sourceTree = "<group>"; };
		905B94AE1F2490AF004AA9BF /* HelpViewController.h */ = {isa = PBXFileReference; fileEncoding = 4; lastKnownFileType = sourcecode.c.h; path = HelpViewController.h; sourceTree = "<group>"; };
		905B94AF1F2490AF004AA9BF /* HelpViewController.m */ = {isa = PBXFileReference; fileEncoding = 4; lastKnownFileType = sourcecode.c.objc; path = HelpViewController.m; sourceTree = "<group>"; };
		905B94B11F249706004AA9BF /* HelpView.h */ = {isa = PBXFileReference; fileEncoding = 4; lastKnownFileType = sourcecode.c.h; path = HelpView.h; sourceTree = "<group>"; };
		905B94B21F249706004AA9BF /* HelpView.m */ = {isa = PBXFileReference; fileEncoding = 4; lastKnownFileType = sourcecode.c.objc; path = HelpView.m; sourceTree = "<group>"; };
		905B94B61F249C3B004AA9BF /* help.html */ = {isa = PBXFileReference; fileEncoding = 4; lastKnownFileType = text.html; path = help.html; sourceTree = "<group>"; };
		906BDEFC1F20DAEC00778F44 /* SpheresView.h */ = {isa = PBXFileReference; fileEncoding = 4; lastKnownFileType = sourcecode.c.h; path = SpheresView.h; sourceTree = "<group>"; };
		906BDEFD1F20DAEC00778F44 /* SpheresView.m */ = {isa = PBXFileReference; fileEncoding = 4; lastKnownFileType = sourcecode.c.objc; path = SpheresView.m; sourceTree = "<group>"; };
		906BDEFF1F20E14F00778F44 /* ImageSelectionDatasource.h */ = {isa = PBXFileReference; fileEncoding = 4; lastKnownFileType = sourcecode.c.h; path = ImageSelectionDatasource.h; sourceTree = "<group>"; };
		906BDF001F20E14F00778F44 /* ImageSelectionDatasource.m */ = {isa = PBXFileReference; fileEncoding = 4; lastKnownFileType = sourcecode.c.objc; path = ImageSelectionDatasource.m; sourceTree = "<group>"; };
		906BDF021F20E7B000778F44 /* afm.jpg */ = {isa = PBXFileReference; lastKnownFileType = image.jpeg; path = afm.jpg; sourceTree = "<group>"; };
		906BDF0D1F210CC700778F44 /* tabea.jpg */ = {isa = PBXFileReference; lastKnownFileType = image.jpeg; path = tabea.jpg; sourceTree = "<group>"; };
		909CBFF31F0E8E6F005172C3 /* MendezTransform.app */ = {isa = PBXFileReference; explicitFileType = wrapper.application; includeInIndex = 0; path = MendezTransform.app; sourceTree = BUILT_PRODUCTS_DIR; };
		909CBFF71F0E8E6F005172C3 /* main.m */ = {isa = PBXFileReference; lastKnownFileType = sourcecode.c.objc; path = main.m; sourceTree = "<group>"; };
		909CBFF91F0E8E6F005172C3 /* AppDelegate.h */ = {isa = PBXFileReference; lastKnownFileType = sourcecode.c.h; path = AppDelegate.h; sourceTree = "<group>"; };
		909CBFFA1F0E8E6F005172C3 /* AppDelegate.m */ = {isa = PBXFileReference; lastKnownFileType = sourcecode.c.objc; path = AppDelegate.m; sourceTree = "<group>"; };
		909CBFFC1F0E8E6F005172C3 /* ViewController.h */ = {isa = PBXFileReference; lastKnownFileType = sourcecode.c.h; path = ViewController.h; sourceTree = "<group>"; };
		909CBFFD1F0E8E6F005172C3 /* ViewController.m */ = {isa = PBXFileReference; lastKnownFileType = sourcecode.c.objc; path = ViewController.m; sourceTree = "<group>"; };
		909CC0001F0E8E6F005172C3 /* Base */ = {isa = PBXFileReference; lastKnownFileType = file.storyboard; name = Base; path = Base.lproj/Main.storyboard; sourceTree = "<group>"; };
		909CC0021F0E8E6F005172C3 /* Assets.xcassets */ = {isa = PBXFileReference; lastKnownFileType = folder.assetcatalog; path = Assets.xcassets; sourceTree = "<group>"; };
		909CC0071F0E8E6F005172C3 /* Info.plist */ = {isa = PBXFileReference; lastKnownFileType = text.plist.xml; path = Info.plist; sourceTree = "<group>"; };
		909CC00C1F0E8E6F005172C3 /* MendezTransformTests.xctest */ = {isa = PBXFileReference; explicitFileType = wrapper.cfbundle; includeInIndex = 0; path = MendezTransformTests.xctest; sourceTree = BUILT_PRODUCTS_DIR; };
		909CC0101F0E8E6F005172C3 /* MendezTransformTests.m */ = {isa = PBXFileReference; lastKnownFileType = sourcecode.c.objc; path = MendezTransformTests.m; sourceTree = "<group>"; };
		909CC0121F0E8E6F005172C3 /* Info.plist */ = {isa = PBXFileReference; lastKnownFileType = text.plist.xml; path = Info.plist; sourceTree = "<group>"; };
		909CC0171F0E8E6F005172C3 /* MendezTransformUITests.xctest */ = {isa = PBXFileReference; explicitFileType = wrapper.cfbundle; includeInIndex = 0; path = MendezTransformUITests.xctest; sourceTree = BUILT_PRODUCTS_DIR; };
		909CC01B1F0E8E6F005172C3 /* MendezTransformUITests.m */ = {isa = PBXFileReference; lastKnownFileType = sourcecode.c.objc; path = MendezTransformUITests.m; sourceTree = "<group>"; };
		909CC01D1F0E8E6F005172C3 /* Info.plist */ = {isa = PBXFileReference; lastKnownFileType = text.plist.xml; path = Info.plist; sourceTree = "<group>"; };
		909CC0291F0E951A005172C3 /* Rotation.m */ = {isa = PBXFileReference; fileEncoding = 4; lastKnownFileType = sourcecode.c.objc; path = Rotation.m; sourceTree = "<group>"; };
		909CC02B1F0E9538005172C3 /* Rotation.h */ = {isa = PBXFileReference; lastKnownFileType = sourcecode.c.h; path = Rotation.h; sourceTree = "<group>"; };
		909CC02C1F0EAC53005172C3 /* SpherePoint.h */ = {isa = PBXFileReference; lastKnownFileType = sourcecode.c.h; path = SpherePoint.h; sourceTree = "<group>"; };
		909CC02D1F0EAC88005172C3 /* SpherePoint.m */ = {isa = PBXFileReference; fileEncoding = 4; lastKnownFileType = sourcecode.c.objc; path = SpherePoint.m; sourceTree = "<group>"; };
		909CC02F1F112FC9005172C3 /* SphereGrid.h */ = {isa = PBXFileReference; lastKnownFileType = sourcecode.c.h; path = SphereGrid.h; sourceTree = "<group>"; };
		909CC0301F11305F005172C3 /* SphereGrid.m */ = {isa = PBXFileReference; fileEncoding = 4; lastKnownFileType = sourcecode.c.objc; path = SphereGrid.m; sourceTree = "<group>"; };
		909CC0331F1131B7005172C3 /* CoreGraphics.framework */ = {isa = PBXFileReference; lastKnownFileType = wrapper.framework; name = CoreGraphics.framework; path = System/Library/Frameworks/CoreGraphics.framework; sourceTree = SDKROOT; };
		909CC0351F1131C5005172C3 /* SceneKit.framework */ = {isa = PBXFileReference; lastKnownFileType = wrapper.framework; name = SceneKit.framework; path = System/Library/Frameworks/SceneKit.framework; sourceTree = SDKROOT; };
		909CC0371F11427C005172C3 /* SphereFunction.m */ = {isa = PBXFileReference; fileEncoding = 4; lastKnownFileType = sourcecode.c.objc; path = SphereFunction.m; sourceTree = "<group>"; };
		909CC0391F114300005172C3 /* SphereFunction.h */ = {isa = PBXFileReference; lastKnownFileType = sourcecode.c.h; path = SphereFunction.h; sourceTree = "<group>"; };
		909CC03A1F114C1E005172C3 /* Mtransform.m */ = {isa = PBXFileReference; fileEncoding = 4; lastKnownFileType = sourcecode.c.objc; path = Mtransform.m; sourceTree = "<group>"; };
		909CC03C1F114C93005172C3 /* Mtransform.h */ = {isa = PBXFileReference; lastKnownFileType = sourcecode.c.h; path = Mtransform.h; sourceTree = "<group>"; };
		90AEF0DB1F27685700C7E73A /* Buchtitel.png */ = {isa = PBXFileReference; lastKnownFileType = image.png; path = Buchtitel.png; sourceTree = "<group>"; };
		90FC19D12381504700E480DB /* QuadrantImage.h */ = {isa = PBXFileReference; lastKnownFileType = sourcecode.c.h; path = QuadrantImage.h; sourceTree = "<group>"; };
		90FC19D22381504700E480DB /* QuadrantImage.m */ = {isa = PBXFileReference; lastKnownFileType = sourcecode.c.objc; path = QuadrantImage.m; sourceTree = "<group>"; };
		90FC19D423815C2D00E480DB /* AxisImage.h */ = {isa = PBXFileReference; lastKnownFileType = sourcecode.c.h; path = AxisImage.h; sourceTree = "<group>"; };
		90FC19D523815C2D00E480DB /* AxisImage.m */ = {isa = PBXFileReference; lastKnownFileType = sourcecode.c.objc; path = AxisImage.m; sourceTree = "<group>"; };
		90FC19D723815E7300E480DB /* XAxisImage.h */ = {isa = PBXFileReference; lastKnownFileType = sourcecode.c.h; path = XAxisImage.h; sourceTree = "<group>"; };
		90FC19D823815E7300E480DB /* XAxisImage.m */ = {isa = PBXFileReference; lastKnownFileType = sourcecode.c.objc; path = XAxisImage.m; sourceTree = "<group>"; };
		90FC19DA23815F0200E480DB /* YAxisImage.h */ = {isa = PBXFileReference; lastKnownFileType = sourcecode.c.h; path = YAxisImage.h; sourceTree = "<group>"; };
		90FC19DB23815F0200E480DB /* YAxisImage.m */ = {isa = PBXFileReference; lastKnownFileType = sourcecode.c.objc; path = YAxisImage.m; sourceTree = "<group>"; };
		90FC19DD23815F5000E480DB /* ZAxisImage.h */ = {isa = PBXFileReference; lastKnownFileType = sourcecode.c.h; path = ZAxisImage.h; sourceTree = "<group>"; };
		90FC19DE23815F5000E480DB /* ZAxisImage.m */ = {isa = PBXFileReference; lastKnownFileType = sourcecode.c.objc; path = ZAxisImage.m; sourceTree = "<group>"; };
		90FC19E02381EB9100E480DB /* rotate_almost.jpg */ = {isa = PBXFileReference; lastKnownFileType = image.jpeg; path = rotate_almost.jpg; sourceTree = "<group>"; };
		90FC19E12381EB9100E480DB /* find_aligned.jpg */ = {isa = PBXFileReference; lastKnownFileType = image.jpeg; path = find_aligned.jpg; sourceTree = "<group>"; };
		90FC19E22381EB9100E480DB /* find_misaligned.jpg */ = {isa = PBXFileReference; lastKnownFileType = image.jpeg; path = find_misaligned.jpg; sourceTree = "<group>"; };
		90FC19E32381EB9100E480DB /* rotate_exact.jpg */ = {isa = PBXFileReference; lastKnownFileType = image.jpeg; path = rotate_exact.jpg; sourceTree = "<group>"; };
		90FC19E82381F05600E480DB /* Launch Screen.storyboard */ = {isa = PBXFileReference; lastKnownFileType = file.storyboard; path = "Launch Screen.storyboard"; sourceTree = "<group>"; };
/* End PBXFileReference section */

/* Begin PBXFrameworksBuildPhase section */
		909CBFF01F0E8E6F005172C3 /* Frameworks */ = {
			isa = PBXFrameworksBuildPhase;
			buildActionMask = 2147483647;
			files = (
				909CC0361F1131C5005172C3 /* SceneKit.framework in Frameworks */,
				909CC0341F1131B7005172C3 /* CoreGraphics.framework in Frameworks */,
			);
			runOnlyForDeploymentPostprocessing = 0;
		};
		909CC0091F0E8E6F005172C3 /* Frameworks */ = {
			isa = PBXFrameworksBuildPhase;
			buildActionMask = 2147483647;
			files = (
			);
			runOnlyForDeploymentPostprocessing = 0;
		};
		909CC0141F0E8E6F005172C3 /* Frameworks */ = {
			isa = PBXFrameworksBuildPhase;
			buildActionMask = 2147483647;
			files = (
			);
			runOnlyForDeploymentPostprocessing = 0;
		};
/* End PBXFrameworksBuildPhase section */

/* Begin PBXGroup section */
		905B94AA1F248C4D004AA9BF /* Help */ = {
			isa = PBXGroup;
			children = (
				90FC19E12381EB9100E480DB /* find_aligned.jpg */,
				90FC19E22381EB9100E480DB /* find_misaligned.jpg */,
				90FC19E02381EB9100E480DB /* rotate_almost.jpg */,
				90FC19E32381EB9100E480DB /* rotate_exact.jpg */,
				90AEF0DB1F27685700C7E73A /* Buchtitel.png */,
				905B94AE1F2490AF004AA9BF /* HelpViewController.h */,
				905B94AF1F2490AF004AA9BF /* HelpViewController.m */,
				905B94B11F249706004AA9BF /* HelpView.h */,
				905B94B21F249706004AA9BF /* HelpView.m */,
				905B94B61F249C3B004AA9BF /* help.html */,
			);
			name = Help;
			sourceTree = "<group>";
		};
		906BDF0A1F20FA3100778F44 /* Mendez Transform */ = {
			isa = PBXGroup;
			children = (
				909CC02B1F0E9538005172C3 /* Rotation.h */,
				909CC0291F0E951A005172C3 /* Rotation.m */,
				909CC02C1F0EAC53005172C3 /* SpherePoint.h */,
				909CC02D1F0EAC88005172C3 /* SpherePoint.m */,
				909CC02F1F112FC9005172C3 /* SphereGrid.h */,
				909CC0301F11305F005172C3 /* SphereGrid.m */,
				909CC0391F114300005172C3 /* SphereFunction.h */,
				909CC0371F11427C005172C3 /* SphereFunction.m */,
				909CC03C1F114C93005172C3 /* Mtransform.h */,
				909CC03A1F114C1E005172C3 /* Mtransform.m */,
				903772391F120F10005F1A2B /* MendezTransformView.h */,
				9037723A1F120F10005F1A2B /* MendezTransformView.m */,
				905B947B1F212539004AA9BF /* MendezTransformsView.h */,
				905B947C1F212539004AA9BF /* MendezTransformsView.m */,
				905B94811F221032004AA9BF /* MendezTransformResult.h */,
				905B94821F221032004AA9BF /* MendezTransformResult.m */,
			);
			name = "Mendez Transform";
			sourceTree = "<group>";
		};
		906BDF0B1F20FA5500778F44 /* Image Selection */ = {
			isa = PBXGroup;
			children = (
				903B7E5A264DAF6500AE09FB /* roman.jpg */,
				905B949E1F236D1A004AA9BF /* hsr.jpg */,
				905B949C1F236BB3004AA9BF /* eth-main-building.jpg */,
				905B94841F223DFB004AA9BF /* m42-smooth.jpg */,
				905B947F1F215836004AA9BF /* ImageSelectionController.m */,
				905B947E1F21581F004AA9BF /* ImageSelectionController.h */,
				906BDEFF1F20E14F00778F44 /* ImageSelectionDatasource.h */,
				906BDF001F20E14F00778F44 /* ImageSelectionDatasource.m */,
				906BDF0D1F210CC700778F44 /* tabea.jpg */,
				906BDF021F20E7B000778F44 /* afm.jpg */,
				90311C231F20CB3C008B57F2 /* m42-final.jpg */,
				903772371F115D62005F1A2B /* blackwhite.png */,
			);
			name = "Image Selection";
			sourceTree = "<group>";
		};
		906BDF0C1F20FB1200778F44 /* Main View */ = {
			isa = PBXGroup;
			children = (
				9037723F1F127FC1005F1A2B /* MendezView.h */,
				903772401F127FC1005F1A2B /* MendezView.m */,
				906BDEFC1F20DAEC00778F44 /* SpheresView.h */,
				906BDEFD1F20DAEC00778F44 /* SpheresView.m */,
				905B94921F233539004AA9BF /* ComparisonFilter.cikernel */,
				905B94961F234492004AA9BF /* ComparisonFilter.h */,
				905B94971F234492004AA9BF /* ComparisonFilter.m */,
				905B94991F234E1C004AA9BF /* ComparisonFilterGenerator.h */,
				905B949A1F234E1C004AA9BF /* ComparisonFilterGenerator.m */,
			);
			name = "Main View";
			sourceTree = "<group>";
		};
		909CBFEA1F0E8E6F005172C3 = {
			isa = PBXGroup;
			children = (
				909CBFF51F0E8E6F005172C3 /* MendezTransform */,
				909CC00F1F0E8E6F005172C3 /* MendezTransformTests */,
				909CC01A1F0E8E6F005172C3 /* MendezTransformUITests */,
				909CBFF41F0E8E6F005172C3 /* Products */,
				909CC0321F1131B7005172C3 /* Frameworks */,
			);
			sourceTree = "<group>";
		};
		909CBFF41F0E8E6F005172C3 /* Products */ = {
			isa = PBXGroup;
			children = (
				909CBFF31F0E8E6F005172C3 /* MendezTransform.app */,
				909CC00C1F0E8E6F005172C3 /* MendezTransformTests.xctest */,
				909CC0171F0E8E6F005172C3 /* MendezTransformUITests.xctest */,
			);
			name = Products;
			sourceTree = "<group>";
		};
		909CBFF51F0E8E6F005172C3 /* MendezTransform */ = {
			isa = PBXGroup;
			children = (
				905B94AA1F248C4D004AA9BF /* Help */,
				906BDF0B1F20FA5500778F44 /* Image Selection */,
				906BDF0A1F20FA3100778F44 /* Mendez Transform */,
				909CBFF91F0E8E6F005172C3 /* AppDelegate.h */,
				909CBFFA1F0E8E6F005172C3 /* AppDelegate.m */,
				909CBFFC1F0E8E6F005172C3 /* ViewController.h */,
				909CBFFD1F0E8E6F005172C3 /* ViewController.m */,
				906BDF0C1F20FB1200778F44 /* Main View */,
				909CBFFF1F0E8E6F005172C3 /* Main.storyboard */,
				909CC0021F0E8E6F005172C3 /* Assets.xcassets */,
				909CC0071F0E8E6F005172C3 /* Info.plist */,
				909CBFF61F0E8E6F005172C3 /* Supporting Files */,
				90FC19E82381F05600E480DB /* Launch Screen.storyboard */,
			);
			path = MendezTransform;
			sourceTree = "<group>";
		};
		909CBFF61F0E8E6F005172C3 /* Supporting Files */ = {
			isa = PBXGroup;
			children = (
				905B94A61F248762004AA9BF /* m42-launch-retina.jpg */,
				905B94A71F248762004AA9BF /* m42-launch.jpg */,
				909CBFF71F0E8E6F005172C3 /* main.m */,
				90FC19D12381504700E480DB /* QuadrantImage.h */,
				90FC19D22381504700E480DB /* QuadrantImage.m */,
				90FC19D423815C2D00E480DB /* AxisImage.h */,
				90FC19D523815C2D00E480DB /* AxisImage.m */,
				90FC19D723815E7300E480DB /* XAxisImage.h */,
				90FC19D823815E7300E480DB /* XAxisImage.m */,
				90FC19DA23815F0200E480DB /* YAxisImage.h */,
				90FC19DB23815F0200E480DB /* YAxisImage.m */,
				90FC19DD23815F5000E480DB /* ZAxisImage.h */,
				90FC19DE23815F5000E480DB /* ZAxisImage.m */,
				905B94891F228B90004AA9BF /* StripeImage.h */,
				905B948A1F228B90004AA9BF /* StripeImage.m */,
				905B948C1F229C25004AA9BF /* DotsImage.h */,
				905B948D1F229C25004AA9BF /* DotsImage.m */,
				905B948F1F22A1E0004AA9BF /* ComputedImage.h */,
				905B94901F22A1E0004AA9BF /* ComputedImage.m */,
				905B94A01F23A9BC004AA9BF /* VectorTypes.h */,
				905B94A11F23AA00004AA9BF /* VectorTypes.m */,
				905B94A31F23DA86004AA9BF /* GridImage.h */,
				905B94A41F23DA86004AA9BF /* GridImage.m */,
			);
			name = "Supporting Files";
			sourceTree = "<group>";
		};
		909CC00F1F0E8E6F005172C3 /* MendezTransformTests */ = {
			isa = PBXGroup;
			children = (
				909CC0101F0E8E6F005172C3 /* MendezTransformTests.m */,
				909CC0121F0E8E6F005172C3 /* Info.plist */,
			);
			path = MendezTransformTests;
			sourceTree = "<group>";
		};
		909CC01A1F0E8E6F005172C3 /* MendezTransformUITests */ = {
			isa = PBXGroup;
			children = (
				909CC01B1F0E8E6F005172C3 /* MendezTransformUITests.m */,
				909CC01D1F0E8E6F005172C3 /* Info.plist */,
			);
			path = MendezTransformUITests;
			sourceTree = "<group>";
		};
		909CC0321F1131B7005172C3 /* Frameworks */ = {
			isa = PBXGroup;
			children = (
				909CC0351F1131C5005172C3 /* SceneKit.framework */,
				909CC0331F1131B7005172C3 /* CoreGraphics.framework */,
			);
			name = Frameworks;
			sourceTree = "<group>";
		};
/* End PBXGroup section */

/* Begin PBXNativeTarget section */
		909CBFF21F0E8E6F005172C3 /* MendezTransform */ = {
			isa = PBXNativeTarget;
			buildConfigurationList = 909CC0201F0E8E6F005172C3 /* Build configuration list for PBXNativeTarget "MendezTransform" */;
			buildPhases = (
				909CBFEF1F0E8E6F005172C3 /* Sources */,
				909CBFF01F0E8E6F005172C3 /* Frameworks */,
				909CBFF11F0E8E6F005172C3 /* Resources */,
			);
			buildRules = (
			);
			dependencies = (
			);
			name = MendezTransform;
			productName = MendezTransform;
			productReference = 909CBFF31F0E8E6F005172C3 /* MendezTransform.app */;
			productType = "com.apple.product-type.application";
		};
		909CC00B1F0E8E6F005172C3 /* MendezTransformTests */ = {
			isa = PBXNativeTarget;
			buildConfigurationList = 909CC0231F0E8E6F005172C3 /* Build configuration list for PBXNativeTarget "MendezTransformTests" */;
			buildPhases = (
				909CC0081F0E8E6F005172C3 /* Sources */,
				909CC0091F0E8E6F005172C3 /* Frameworks */,
				909CC00A1F0E8E6F005172C3 /* Resources */,
			);
			buildRules = (
			);
			dependencies = (
				909CC00E1F0E8E6F005172C3 /* PBXTargetDependency */,
			);
			name = MendezTransformTests;
			productName = MendezTransformTests;
			productReference = 909CC00C1F0E8E6F005172C3 /* MendezTransformTests.xctest */;
			productType = "com.apple.product-type.bundle.unit-test";
		};
		909CC0161F0E8E6F005172C3 /* MendezTransformUITests */ = {
			isa = PBXNativeTarget;
			buildConfigurationList = 909CC0261F0E8E6F005172C3 /* Build configuration list for PBXNativeTarget "MendezTransformUITests" */;
			buildPhases = (
				909CC0131F0E8E6F005172C3 /* Sources */,
				909CC0141F0E8E6F005172C3 /* Frameworks */,
				909CC0151F0E8E6F005172C3 /* Resources */,
			);
			buildRules = (
			);
			dependencies = (
				909CC0191F0E8E6F005172C3 /* PBXTargetDependency */,
			);
			name = MendezTransformUITests;
			productName = MendezTransformUITests;
			productReference = 909CC0171F0E8E6F005172C3 /* MendezTransformUITests.xctest */;
			productType = "com.apple.product-type.bundle.ui-testing";
		};
/* End PBXNativeTarget section */

/* Begin PBXProject section */
		909CBFEB1F0E8E6F005172C3 /* Project object */ = {
			isa = PBXProject;
			attributes = {
				LastUpgradeCheck = 1250;
				ORGANIZATIONNAME = "Andreas Müller";
				TargetAttributes = {
					909CBFF21F0E8E6F005172C3 = {
						CreatedOnToolsVersion = 8.0;
						DevelopmentTeam = QR66XBP47D;
						ProvisioningStyle = Automatic;
					};
					909CC00B1F0E8E6F005172C3 = {
						CreatedOnToolsVersion = 8.0;
						ProvisioningStyle = Automatic;
						TestTargetID = 909CBFF21F0E8E6F005172C3;
					};
					909CC0161F0E8E6F005172C3 = {
						CreatedOnToolsVersion = 8.0;
						ProvisioningStyle = Automatic;
						TestTargetID = 909CBFF21F0E8E6F005172C3;
					};
				};
			};
			buildConfigurationList = 909CBFEE1F0E8E6F005172C3 /* Build configuration list for PBXProject "MendezTransform" */;
			compatibilityVersion = "Xcode 3.2";
			developmentRegion = en;
			hasScannedForEncodings = 0;
			knownRegions = (
				en,
				Base,
			);
			mainGroup = 909CBFEA1F0E8E6F005172C3;
			productRefGroup = 909CBFF41F0E8E6F005172C3 /* Products */;
			projectDirPath = "";
			projectRoot = "";
			targets = (
				909CBFF21F0E8E6F005172C3 /* MendezTransform */,
				909CC00B1F0E8E6F005172C3 /* MendezTransformTests */,
				909CC0161F0E8E6F005172C3 /* MendezTransformUITests */,
			);
		};
/* End PBXProject section */

/* Begin PBXResourcesBuildPhase section */
		909CBFF11F0E8E6F005172C3 /* Resources */ = {
			isa = PBXResourcesBuildPhase;
			buildActionMask = 2147483647;
			files = (
				906BDF031F20E7B000778F44 /* afm.jpg in Resources */,
				905B94B71F249C3B004AA9BF /* help.html in Resources */,
				90AEF0DC1F27685700C7E73A /* Buchtitel.png in Resources */,
				90FC19E42381EB9100E480DB /* rotate_almost.jpg in Resources */,
				905B94A81F248762004AA9BF /* m42-launch-retina.jpg in Resources */,
				905B94A91F248762004AA9BF /* m42-launch.jpg in Resources */,
				90311C241F20CB3C008B57F2 /* m42-final.jpg in Resources */,
				90FC19E52381EB9100E480DB /* find_aligned.jpg in Resources */,
				90FC19E92381F05600E480DB /* Launch Screen.storyboard in Resources */,
				905B949F1F236D1A004AA9BF /* hsr.jpg in Resources */,
				909CC0031F0E8E6F005172C3 /* Assets.xcassets in Resources */,
				90FC19E72381EB9100E480DB /* rotate_exact.jpg in Resources */,
				906BDF0E1F210CC700778F44 /* tabea.jpg in Resources */,
				909CC0011F0E8E6F005172C3 /* Main.storyboard in Resources */,
				905B94931F233539004AA9BF /* ComparisonFilter.cikernel in Resources */,
				903772381F115D62005F1A2B /* blackwhite.png in Resources */,
				905B949D1F236BB3004AA9BF /* eth-main-building.jpg in Resources */,
				903B7E5B264DAF6500AE09FB /* roman.jpg in Resources */,
				90FC19E62381EB9100E480DB /* find_misaligned.jpg in Resources */,
				905B94851F223DFB004AA9BF /* m42-smooth.jpg in Resources */,
			);
			runOnlyForDeploymentPostprocessing = 0;
		};
		909CC00A1F0E8E6F005172C3 /* Resources */ = {
			isa = PBXResourcesBuildPhase;
			buildActionMask = 2147483647;
			files = (
			);
			runOnlyForDeploymentPostprocessing = 0;
		};
		909CC0151F0E8E6F005172C3 /* Resources */ = {
			isa = PBXResourcesBuildPhase;
			buildActionMask = 2147483647;
			files = (
			);
			runOnlyForDeploymentPostprocessing = 0;
		};
/* End PBXResourcesBuildPhase section */

/* Begin PBXSourcesBuildPhase section */
		909CBFEF1F0E8E6F005172C3 /* Sources */ = {
			isa = PBXSourcesBuildPhase;
			buildActionMask = 2147483647;
			files = (
				905B94981F234492004AA9BF /* ComparisonFilter.m in Sources */,
				90FC19D923815E7300E480DB /* XAxisImage.m in Sources */,
				905B94B31F249706004AA9BF /* HelpView.m in Sources */,
				90FC19DF23815F5000E480DB /* ZAxisImage.m in Sources */,
				906BDEFE1F20DAEC00778F44 /* SpheresView.m in Sources */,
				90FC19DC23815F0200E480DB /* YAxisImage.m in Sources */,
				905B94801F215836004AA9BF /* ImageSelectionController.m in Sources */,
				905B948B1F228B90004AA9BF /* StripeImage.m in Sources */,
				905B94A21F23AA00004AA9BF /* VectorTypes.m in Sources */,
				905B94831F221032004AA9BF /* MendezTransformResult.m in Sources */,
				909CC03B1F114C1E005172C3 /* Mtransform.m in Sources */,
				90FC19D623815C2D00E480DB /* AxisImage.m in Sources */,
				909CBFFE1F0E8E6F005172C3 /* ViewController.m in Sources */,
				905B94911F22A1E0004AA9BF /* ComputedImage.m in Sources */,
				909CC02A1F0E951A005172C3 /* Rotation.m in Sources */,
				9037723B1F120F10005F1A2B /* MendezTransformView.m in Sources */,
				909CC0381F11427C005172C3 /* SphereFunction.m in Sources */,
				90FC19D32381504700E480DB /* QuadrantImage.m in Sources */,
				909CC02E1F0EAC88005172C3 /* SpherePoint.m in Sources */,
				906BDF011F20E14F00778F44 /* ImageSelectionDatasource.m in Sources */,
				909CBFFB1F0E8E6F005172C3 /* AppDelegate.m in Sources */,
				905B949B1F234E1C004AA9BF /* ComparisonFilterGenerator.m in Sources */,
				905B948E1F229C25004AA9BF /* DotsImage.m in Sources */,
				903772411F127FC1005F1A2B /* MendezView.m in Sources */,
				909CC0311F11305F005172C3 /* SphereGrid.m in Sources */,
				905B94A51F23DA86004AA9BF /* GridImage.m in Sources */,
				905B947D1F212539004AA9BF /* MendezTransformsView.m in Sources */,
				905B94B01F2490AF004AA9BF /* HelpViewController.m in Sources */,
				909CBFF81F0E8E6F005172C3 /* main.m in Sources */,
			);
			runOnlyForDeploymentPostprocessing = 0;
		};
		909CC0081F0E8E6F005172C3 /* Sources */ = {
			isa = PBXSourcesBuildPhase;
			buildActionMask = 2147483647;
			files = (
				909CC0111F0E8E6F005172C3 /* MendezTransformTests.m in Sources */,
			);
			runOnlyForDeploymentPostprocessing = 0;
		};
		909CC0131F0E8E6F005172C3 /* Sources */ = {
			isa = PBXSourcesBuildPhase;
			buildActionMask = 2147483647;
			files = (
				909CC01C1F0E8E6F005172C3 /* MendezTransformUITests.m in Sources */,
			);
			runOnlyForDeploymentPostprocessing = 0;
		};
/* End PBXSourcesBuildPhase section */

/* Begin PBXTargetDependency section */
		909CC00E1F0E8E6F005172C3 /* PBXTargetDependency */ = {
			isa = PBXTargetDependency;
			target = 909CBFF21F0E8E6F005172C3 /* MendezTransform */;
			targetProxy = 909CC00D1F0E8E6F005172C3 /* PBXContainerItemProxy */;
		};
		909CC0191F0E8E6F005172C3 /* PBXTargetDependency */ = {
			isa = PBXTargetDependency;
			target = 909CBFF21F0E8E6F005172C3 /* MendezTransform */;
			targetProxy = 909CC0181F0E8E6F005172C3 /* PBXContainerItemProxy */;
		};
/* End PBXTargetDependency section */

/* Begin PBXVariantGroup section */
		909CBFFF1F0E8E6F005172C3 /* Main.storyboard */ = {
			isa = PBXVariantGroup;
			children = (
				909CC0001F0E8E6F005172C3 /* Base */,
			);
			name = Main.storyboard;
			sourceTree = "<group>";
		};
/* End PBXVariantGroup section */

/* Begin XCBuildConfiguration section */
		909CC01E1F0E8E6F005172C3 /* Debug */ = {
			isa = XCBuildConfiguration;
			buildSettings = {
				ALWAYS_SEARCH_USER_PATHS = NO;
				CLANG_ANALYZER_LOCALIZABILITY_NONLOCALIZED = YES;
				CLANG_ANALYZER_NONNULL = YES;
				CLANG_CXX_LANGUAGE_STANDARD = "gnu++0x";
				CLANG_CXX_LIBRARY = "libc++";
				CLANG_ENABLE_MODULES = YES;
				CLANG_ENABLE_OBJC_ARC = YES;
				CLANG_WARN_BLOCK_CAPTURE_AUTORELEASING = YES;
				CLANG_WARN_BOOL_CONVERSION = YES;
				CLANG_WARN_COMMA = YES;
				CLANG_WARN_CONSTANT_CONVERSION = YES;
				CLANG_WARN_DEPRECATED_OBJC_IMPLEMENTATIONS = YES;
				CLANG_WARN_DIRECT_OBJC_ISA_USAGE = YES_ERROR;
				CLANG_WARN_DOCUMENTATION_COMMENTS = YES;
				CLANG_WARN_EMPTY_BODY = YES;
				CLANG_WARN_ENUM_CONVERSION = YES;
				CLANG_WARN_INFINITE_RECURSION = YES;
				CLANG_WARN_INT_CONVERSION = YES;
				CLANG_WARN_NON_LITERAL_NULL_CONVERSION = YES;
				CLANG_WARN_OBJC_IMPLICIT_RETAIN_SELF = YES;
				CLANG_WARN_OBJC_LITERAL_CONVERSION = YES;
				CLANG_WARN_OBJC_ROOT_CLASS = YES_ERROR;
				CLANG_WARN_QUOTED_INCLUDE_IN_FRAMEWORK_HEADER = YES;
				CLANG_WARN_RANGE_LOOP_ANALYSIS = YES;
				CLANG_WARN_STRICT_PROTOTYPES = YES;
				CLANG_WARN_SUSPICIOUS_MOVE = YES;
				CLANG_WARN_SUSPICIOUS_MOVES = YES;
				CLANG_WARN_UNREACHABLE_CODE = YES;
				CLANG_WARN__DUPLICATE_METHOD_MATCH = YES;
				"CODE_SIGN_IDENTITY[sdk=iphoneos*]" = "iPhone Developer";
				COPY_PHASE_STRIP = NO;
				DEBUG_INFORMATION_FORMAT = dwarf;
				ENABLE_STRICT_OBJC_MSGSEND = YES;
				ENABLE_TESTABILITY = YES;
				GCC_C_LANGUAGE_STANDARD = gnu99;
				GCC_DYNAMIC_NO_PIC = NO;
				GCC_NO_COMMON_BLOCKS = YES;
				GCC_OPTIMIZATION_LEVEL = 0;
				GCC_PREPROCESSOR_DEFINITIONS = (
					"DEBUG=1",
					"$(inherited)",
				);
				GCC_WARN_64_TO_32_BIT_CONVERSION = YES;
				GCC_WARN_ABOUT_RETURN_TYPE = YES_ERROR;
				GCC_WARN_UNDECLARED_SELECTOR = YES;
				GCC_WARN_UNINITIALIZED_AUTOS = YES_AGGRESSIVE;
				GCC_WARN_UNUSED_FUNCTION = YES;
				GCC_WARN_UNUSED_VARIABLE = YES;
				IPHONEOS_DEPLOYMENT_TARGET = 12.0;
				MTL_ENABLE_DEBUG_INFO = YES;
				ONLY_ACTIVE_ARCH = YES;
				SDKROOT = iphoneos;
				TARGETED_DEVICE_FAMILY = 2;
			};
			name = Debug;
		};
		909CC01F1F0E8E6F005172C3 /* Release */ = {
			isa = XCBuildConfiguration;
			buildSettings = {
				ALWAYS_SEARCH_USER_PATHS = NO;
				CLANG_ANALYZER_LOCALIZABILITY_NONLOCALIZED = YES;
				CLANG_ANALYZER_NONNULL = YES;
				CLANG_CXX_LANGUAGE_STANDARD = "gnu++0x";
				CLANG_CXX_LIBRARY = "libc++";
				CLANG_ENABLE_MODULES = YES;
				CLANG_ENABLE_OBJC_ARC = YES;
				CLANG_WARN_BLOCK_CAPTURE_AUTORELEASING = YES;
				CLANG_WARN_BOOL_CONVERSION = YES;
				CLANG_WARN_COMMA = YES;
				CLANG_WARN_CONSTANT_CONVERSION = YES;
				CLANG_WARN_DEPRECATED_OBJC_IMPLEMENTATIONS = YES;
				CLANG_WARN_DIRECT_OBJC_ISA_USAGE = YES_ERROR;
				CLANG_WARN_DOCUMENTATION_COMMENTS = YES;
				CLANG_WARN_EMPTY_BODY = YES;
				CLANG_WARN_ENUM_CONVERSION = YES;
				CLANG_WARN_INFINITE_RECURSION = YES;
				CLANG_WARN_INT_CONVERSION = YES;
				CLANG_WARN_NON_LITERAL_NULL_CONVERSION = YES;
				CLANG_WARN_OBJC_IMPLICIT_RETAIN_SELF = YES;
				CLANG_WARN_OBJC_LITERAL_CONVERSION = YES;
				CLANG_WARN_OBJC_ROOT_CLASS = YES_ERROR;
				CLANG_WARN_QUOTED_INCLUDE_IN_FRAMEWORK_HEADER = YES;
				CLANG_WARN_RANGE_LOOP_ANALYSIS = YES;
				CLANG_WARN_STRICT_PROTOTYPES = YES;
				CLANG_WARN_SUSPICIOUS_MOVE = YES;
				CLANG_WARN_SUSPICIOUS_MOVES = YES;
				CLANG_WARN_UNREACHABLE_CODE = YES;
				CLANG_WARN__DUPLICATE_METHOD_MATCH = YES;
				"CODE_SIGN_IDENTITY[sdk=iphoneos*]" = "iPhone Developer";
				COPY_PHASE_STRIP = NO;
				DEBUG_INFORMATION_FORMAT = "dwarf-with-dsym";
				ENABLE_NS_ASSERTIONS = NO;
				ENABLE_STRICT_OBJC_MSGSEND = YES;
				GCC_C_LANGUAGE_STANDARD = gnu99;
				GCC_NO_COMMON_BLOCKS = YES;
				GCC_WARN_64_TO_32_BIT_CONVERSION = YES;
				GCC_WARN_ABOUT_RETURN_TYPE = YES_ERROR;
				GCC_WARN_UNDECLARED_SELECTOR = YES;
				GCC_WARN_UNINITIALIZED_AUTOS = YES_AGGRESSIVE;
				GCC_WARN_UNUSED_FUNCTION = YES;
				GCC_WARN_UNUSED_VARIABLE = YES;
				IPHONEOS_DEPLOYMENT_TARGET = 12.0;
				MTL_ENABLE_DEBUG_INFO = NO;
				SDKROOT = iphoneos;
				TARGETED_DEVICE_FAMILY = 2;
				VALIDATE_PRODUCT = YES;
			};
			name = Release;
		};
		909CC0211F0E8E6F005172C3 /* Debug */ = {
			isa = XCBuildConfiguration;
			buildSettings = {
				ASSETCATALOG_COMPILER_APPICON_NAME = AppIcon;
				ASSETCATALOG_COMPILER_LAUNCHIMAGE_NAME = LaunchImage;
				CURRENT_PROJECT_VERSION = 5;
				DEVELOPMENT_TEAM = QR66XBP47D;
				INFOPLIST_FILE = MendezTransform/Info.plist;
				IPHONEOS_DEPLOYMENT_TARGET = 12.0;
				LD_RUNPATH_SEARCH_PATHS = "$(inherited) @executable_path/Frameworks";
				MARKETING_VERSION = 1.2;
				PRODUCT_BUNDLE_IDENTIFIER = ch.othello.MendezTransform2;
				PRODUCT_NAME = "$(TARGET_NAME)";
			};
			name = Debug;
		};
		909CC0221F0E8E6F005172C3 /* Release */ = {
			isa = XCBuildConfiguration;
			buildSettings = {
				ASSETCATALOG_COMPILER_APPICON_NAME = AppIcon;
				ASSETCATALOG_COMPILER_LAUNCHIMAGE_NAME = LaunchImage;
				CURRENT_PROJECT_VERSION = 5;
				DEVELOPMENT_TEAM = QR66XBP47D;
				INFOPLIST_FILE = MendezTransform/Info.plist;
				IPHONEOS_DEPLOYMENT_TARGET = 12.0;
				LD_RUNPATH_SEARCH_PATHS = "$(inherited) @executable_path/Frameworks";
				MARKETING_VERSION = 1.2;
				PRODUCT_BUNDLE_IDENTIFIER = ch.othello.MendezTransform2;
				PRODUCT_NAME = "$(TARGET_NAME)";
			};
			name = Release;
		};
		909CC0241F0E8E6F005172C3 /* Debug */ = {
			isa = XCBuildConfiguration;
			buildSettings = {
				BUNDLE_LOADER = "$(TEST_HOST)";
				INFOPLIST_FILE = MendezTransformTests/Info.plist;
				LD_RUNPATH_SEARCH_PATHS = "$(inherited) @executable_path/Frameworks @loader_path/Frameworks";
				PRODUCT_BUNDLE_IDENTIFIER = ch.othello.MendezTransformTests;
				PRODUCT_NAME = "$(TARGET_NAME)";
				TEST_HOST = "$(BUILT_PRODUCTS_DIR)/MendezTransform.app/MendezTransform";
			};
			name = Debug;
		};
		909CC0251F0E8E6F005172C3 /* Release */ = {
			isa = XCBuildConfiguration;
			buildSettings = {
				BUNDLE_LOADER = "$(TEST_HOST)";
				INFOPLIST_FILE = MendezTransformTests/Info.plist;
				LD_RUNPATH_SEARCH_PATHS = "$(inherited) @executable_path/Frameworks @loader_path/Frameworks";
				PRODUCT_BUNDLE_IDENTIFIER = ch.othello.MendezTransformTests;
				PRODUCT_NAME = "$(TARGET_NAME)";
				TEST_HOST = "$(BUILT_PRODUCTS_DIR)/MendezTransform.app/MendezTransform";
			};
			name = Release;
		};
		909CC0271F0E8E6F005172C3 /* Debug */ = {
			isa = XCBuildConfiguration;
			buildSettings = {
				INFOPLIST_FILE = MendezTransformUITests/Info.plist;
				LD_RUNPATH_SEARCH_PATHS = "$(inherited) @executable_path/Frameworks @loader_path/Frameworks";
				PRODUCT_BUNDLE_IDENTIFIER = ch.othello.MendezTransformUITests;
				PRODUCT_NAME = "$(TARGET_NAME)";
				TEST_TARGET_NAME = MendezTransform;
			};
			name = Debug;
		};
		909CC0281F0E8E6F005172C3 /* Release */ = {
			isa = XCBuildConfiguration;
			buildSettings = {
				INFOPLIST_FILE = MendezTransformUITests/Info.plist;
				LD_RUNPATH_SEARCH_PATHS = "$(inherited) @executable_path/Frameworks @loader_path/Frameworks";
				PRODUCT_BUNDLE_IDENTIFIER = ch.othello.MendezTransformUITests;
				PRODUCT_NAME = "$(TARGET_NAME)";
				TEST_TARGET_NAME = MendezTransform;
			};
			name = Release;
		};
/* End XCBuildConfiguration section */

/* Begin XCConfigurationList section */
		909CBFEE1F0E8E6F005172C3 /* Build configuration list for PBXProject "MendezTransform" */ = {
			isa = XCConfigurationList;
			buildConfigurations = (
				909CC01E1F0E8E6F005172C3 /* Debug */,
				909CC01F1F0E8E6F005172C3 /* Release */,
			);
			defaultConfigurationIsVisible = 0;
			defaultConfigurationName = Release;
		};
		909CC0201F0E8E6F005172C3 /* Build configuration list for PBXNativeTarget "MendezTransform" */ = {
			isa = XCConfigurationList;
			buildConfigurations = (
				909CC0211F0E8E6F005172C3 /* Debug */,
				909CC0221F0E8E6F005172C3 /* Release */,
			);
			defaultConfigurationIsVisible = 0;
			defaultConfigurationName = Release;
		};
		909CC0231F0E8E6F005172C3 /* Build configuration list for PBXNativeTarget "MendezTransformTests" */ = {
			isa = XCConfigurationList;
			buildConfigurations = (
				909CC0241F0E8E6F005172C3 /* Debug */,
				909CC0251F0E8E6F005172C3 /* Release */,
			);
			defaultConfigurationIsVisible = 0;
			defaultConfigurationName = Release;
		};
		909CC0261F0E8E6F005172C3 /* Build configuration list for PBXNativeTarget "MendezTransformUITests" */ = {
			isa = XCConfigurationList;
			buildConfigurations = (
				909CC0271F0E8E6F005172C3 /* Debug */,
				909CC0281F0E8E6F005172C3 /* Release */,
			);
			defaultConfigurationIsVisible = 0;
			defaultConfigurationName = Release;
		};
/* End XCConfigurationList section */
	};
	rootObject = 909CBFEB1F0E8E6F005172C3 /* Project object */;
}
