// !$*UTF8*$!
{
	archiveVersion = 1;
	classes = {
	};
	objectVersion = 46;
	objects = {

/* Begin PBXBuildFile section */
		903772381F115D62005F1A2B /* blackwhite.png in Resources */ = {isa = PBXBuildFile; fileRef = 903772371F115D62005F1A2B /* blackwhite.png */; };
		9037723B1F120F10005F1A2B /* MendezTransformView.m in Sources */ = {isa = PBXBuildFile; fileRef = 9037723A1F120F10005F1A2B /* MendezTransformView.m */; };
		9037723E1F12148E005F1A2B /* MendezTransformViewController.m in Sources */ = {isa = PBXBuildFile; fileRef = 9037723D1F12148E005F1A2B /* MendezTransformViewController.m */; };
		903772411F127FC1005F1A2B /* MendezView.m in Sources */ = {isa = PBXBuildFile; fileRef = 903772401F127FC1005F1A2B /* MendezView.m */; };
		909CBFF81F0E8E6F005172C3 /* main.m in Sources */ = {isa = PBXBuildFile; fileRef = 909CBFF71F0E8E6F005172C3 /* main.m */; };
		909CBFFB1F0E8E6F005172C3 /* AppDelegate.m in Sources */ = {isa = PBXBuildFile; fileRef = 909CBFFA1F0E8E6F005172C3 /* AppDelegate.m */; };
		909CBFFE1F0E8E6F005172C3 /* ViewController.m in Sources */ = {isa = PBXBuildFile; fileRef = 909CBFFD1F0E8E6F005172C3 /* ViewController.m */; };
		909CC0011F0E8E6F005172C3 /* Main.storyboard in Resources */ = {isa = PBXBuildFile; fileRef = 909CBFFF1F0E8E6F005172C3 /* Main.storyboard */; };
		909CC0031F0E8E6F005172C3 /* Assets.xcassets in Resources */ = {isa = PBXBuildFile; fileRef = 909CC0021F0E8E6F005172C3 /* Assets.xcassets */; };
		909CC0061F0E8E6F005172C3 /* LaunchScreen.storyboard in Resources */ = {isa = PBXBuildFile; fileRef = 909CC0041F0E8E6F005172C3 /* LaunchScreen.storyboard */; };
		909CC0111F0E8E6F005172C3 /* MendezTransformTests.m in Sources */ = {isa = PBXBuildFile; fileRef = 909CC0101F0E8E6F005172C3 /* MendezTransformTests.m */; };
		909CC01C1F0E8E6F005172C3 /* MendezTransformUITests.m in Sources */ = {isa = PBXBuildFile; fileRef = 909CC01B1F0E8E6F005172C3 /* MendezTransformUITests.m */; };
		909CC02A1F0E951A005172C3 /* Rotation.m in Sources */ = {isa = PBXBuildFile; fileRef = 909CC0291F0E951A005172C3 /* Rotation.m */; };
		909CC02E1F0EAC88005172C3 /* SpherePoint.m in Sources */ = {isa = PBXBuildFile; fileRef = 909CC02D1F0EAC88005172C3 /* SpherePoint.m */; };
		909CC0311F11305F005172C3 /* SphereGrid.m in Sources */ = {isa = PBXBuildFile; fileRef = 909CC0301F11305F005172C3 /* SphereGrid.m */; };
		909CC0341F1131B7005172C3 /* CoreGraphics.framework in Frameworks */ = {isa = PBXBuildFile; fileRef = 909CC0331F1131B7005172C3 /* CoreGraphics.framework */; };
		909CC0361F1131C5005172C3 /* SceneKit.framework in Frameworks */ = {isa = PBXBuildFile; fileRef = 909CC0351F1131C5005172C3 /* SceneKit.framework */; };
		909CC0381F11427C005172C3 /* SphereFunction.m in Sources */ = {isa = PBXBuildFile; fileRef = 909CC0371F11427C005172C3 /* SphereFunction.m */; };
		909CC03B1F114C1E005172C3 /* Mtransform.m in Sources */ = {isa = PBXBuildFile; fileRef = 909CC03A1F114C1E005172C3 /* Mtransform.m */; };
		909CC03F1F115642005172C3 /* Experiment.m in Sources */ = {isa = PBXBuildFile; fileRef = 909CC03E1F115642005172C3 /* Experiment.m */; };
/* End PBXBuildFile section */

/* Begin PBXContainerItemProxy section */
		909CC00D1F0E8E6F005172C3 /* PBXContainerItemProxy */ = {
			isa = PBXContainerItemProxy;
			containerPortal = 909CBFEB1F0E8E6F005172C3 /* Project object */;
			proxyType = 1;
			remoteGlobalIDString = 909CBFF21F0E8E6F005172C3;
			remoteInfo = MendezTransform;
		};
		909CC0181F0E8E6F005172C3 /* PBXContainerItemProxy */ = {
			isa = PBXContainerItemProxy;
			containerPortal = 909CBFEB1F0E8E6F005172C3 /* Project object */;
			proxyType = 1;
			remoteGlobalIDString = 909CBFF21F0E8E6F005172C3;
			remoteInfo = MendezTransform;
		};
/* End PBXContainerItemProxy section */

/* Begin PBXFileReference section */
		903772371F115D62005F1A2B /* blackwhite.png */ = {isa = PBXFileReference; lastKnownFileType = image.png; path = blackwhite.png; sourceTree = "<group>"; };
		903772391F120F10005F1A2B /* MendezTransformView.h */ = {isa = PBXFileReference; fileEncoding = 4; lastKnownFileType = sourcecode.c.h; path = MendezTransformView.h; sourceTree = "<group>"; };
		9037723A1F120F10005F1A2B /* MendezTransformView.m */ = {isa = PBXFileReference; fileEncoding = 4; lastKnownFileType = sourcecode.c.objc; path = MendezTransformView.m; sourceTree = "<group>"; };
		9037723C1F12148E005F1A2B /* MendezTransformViewController.h */ = {isa = PBXFileReference; fileEncoding = 4; lastKnownFileType = sourcecode.c.h; path = MendezTransformViewController.h; sourceTree = "<group>"; };
		9037723D1F12148E005F1A2B /* MendezTransformViewController.m */ = {isa = PBXFileReference; fileEncoding = 4; lastKnownFileType = sourcecode.c.objc; path = MendezTransformViewController.m; sourceTree = "<group>"; };
		9037723F1F127FC1005F1A2B /* MendezView.h */ = {isa = PBXFileReference; fileEncoding = 4; lastKnownFileType = sourcecode.c.h; path = MendezView.h; sourceTree = "<group>"; };
		903772401F127FC1005F1A2B /* MendezView.m */ = {isa = PBXFileReference; fileEncoding = 4; lastKnownFileType = sourcecode.c.objc; path = MendezView.m; sourceTree = "<group>"; };
		909CBFF31F0E8E6F005172C3 /* MendezTransform.app */ = {isa = PBXFileReference; explicitFileType = wrapper.application; includeInIndex = 0; path = MendezTransform.app; sourceTree = BUILT_PRODUCTS_DIR; };
		909CBFF71F0E8E6F005172C3 /* main.m */ = {isa = PBXFileReference; lastKnownFileType = sourcecode.c.objc; path = main.m; sourceTree = "<group>"; };
		909CBFF91F0E8E6F005172C3 /* AppDelegate.h */ = {isa = PBXFileReference; lastKnownFileType = sourcecode.c.h; path = AppDelegate.h; sourceTree = "<group>"; };
		909CBFFA1F0E8E6F005172C3 /* AppDelegate.m */ = {isa = PBXFileReference; lastKnownFileType = sourcecode.c.objc; path = AppDelegate.m; sourceTree = "<group>"; };
		909CBFFC1F0E8E6F005172C3 /* ViewController.h */ = {isa = PBXFileReference; lastKnownFileType = sourcecode.c.h; path = ViewController.h; sourceTree = "<group>"; };
		909CBFFD1F0E8E6F005172C3 /* ViewController.m */ = {isa = PBXFileReference; lastKnownFileType = sourcecode.c.objc; path = ViewController.m; sourceTree = "<group>"; };
		909CC0001F0E8E6F005172C3 /* Base */ = {isa = PBXFileReference; lastKnownFileType = file.storyboard; name = Base; path = Base.lproj/Main.storyboard; sourceTree = "<group>"; };
		909CC0021F0E8E6F005172C3 /* Assets.xcassets */ = {isa = PBXFileReference; lastKnownFileType = folder.assetcatalog; path = Assets.xcassets; sourceTree = "<group>"; };
		909CC0051F0E8E6F005172C3 /* Base */ = {isa = PBXFileReference; lastKnownFileType = file.storyboard; name = Base; path = Base.lproj/LaunchScreen.storyboard; sourceTree = "<group>"; };
		909CC0071F0E8E6F005172C3 /* Info.plist */ = {isa = PBXFileReference; lastKnownFileType = text.plist.xml; path = Info.plist; sourceTree = "<group>"; };
		909CC00C1F0E8E6F005172C3 /* MendezTransformTests.xctest */ = {isa = PBXFileReference; explicitFileType = wrapper.cfbundle; includeInIndex = 0; path = MendezTransformTests.xctest; sourceTree = BUILT_PRODUCTS_DIR; };
		909CC0101F0E8E6F005172C3 /* MendezTransformTests.m */ = {isa = PBXFileReference; lastKnownFileType = sourcecode.c.objc; path = MendezTransformTests.m; sourceTree = "<group>"; };
		909CC0121F0E8E6F005172C3 /* Info.plist */ = {isa = PBXFileReference; lastKnownFileType = text.plist.xml; path = Info.plist; sourceTree = "<group>"; };
		909CC0171F0E8E6F005172C3 /* MendezTransformUITests.xctest */ = {isa = PBXFileReference; explicitFileType = wrapper.cfbundle; includeInIndex = 0; path = MendezTransformUITests.xctest; sourceTree = BUILT_PRODUCTS_DIR; };
		909CC01B1F0E8E6F005172C3 /* MendezTransformUITests.m */ = {isa = PBXFileReference; lastKnownFileType = sourcecode.c.objc; path = MendezTransformUITests.m; sourceTree = "<group>"; };
		909CC01D1F0E8E6F005172C3 /* Info.plist */ = {isa = PBXFileReference; lastKnownFileType = text.plist.xml; path = Info.plist; sourceTree = "<group>"; };
		909CC0291F0E951A005172C3 /* Rotation.m */ = {isa = PBXFileReference; fileEncoding = 4; lastKnownFileType = sourcecode.c.objc; path = Rotation.m; sourceTree = "<group>"; };
		909CC02B1F0E9538005172C3 /* Rotation.h */ = {isa = PBXFileReference; lastKnownFileType = sourcecode.c.h; path = Rotation.h; sourceTree = "<group>"; };
		909CC02C1F0EAC53005172C3 /* SpherePoint.h */ = {isa = PBXFileReference; lastKnownFileType = sourcecode.c.h; path = SpherePoint.h; sourceTree = "<group>"; };
		909CC02D1F0EAC88005172C3 /* SpherePoint.m */ = {isa = PBXFileReference; fileEncoding = 4; lastKnownFileType = sourcecode.c.objc; path = SpherePoint.m; sourceTree = "<group>"; };
		909CC02F1F112FC9005172C3 /* SphereGrid.h */ = {isa = PBXFileReference; lastKnownFileType = sourcecode.c.h; path = SphereGrid.h; sourceTree = "<group>"; };
		909CC0301F11305F005172C3 /* SphereGrid.m */ = {isa = PBXFileReference; fileEncoding = 4; lastKnownFileType = sourcecode.c.objc; path = SphereGrid.m; sourceTree = "<group>"; };
		909CC0331F1131B7005172C3 /* CoreGraphics.framework */ = {isa = PBXFileReference; lastKnownFileType = wrapper.framework; name = CoreGraphics.framework; path = System/Library/Frameworks/CoreGraphics.framework; sourceTree = SDKROOT; };
		909CC0351F1131C5005172C3 /* SceneKit.framework */ = {isa = PBXFileReference; lastKnownFileType = wrapper.framework; name = SceneKit.framework; path = System/Library/Frameworks/SceneKit.framework; sourceTree = SDKROOT; };
		909CC0371F11427C005172C3 /* SphereFunction.m */ = {isa = PBXFileReference; fileEncoding = 4; lastKnownFileType = sourcecode.c.objc; path = SphereFunction.m; sourceTree = "<group>"; };
		909CC0391F114300005172C3 /* SphereFunction.h */ = {isa = PBXFileReference; lastKnownFileType = sourcecode.c.h; path = SphereFunction.h; sourceTree = "<group>"; };
		909CC03A1F114C1E005172C3 /* Mtransform.m */ = {isa = PBXFileReference; fileEncoding = 4; lastKnownFileType = sourcecode.c.objc; path = Mtransform.m; sourceTree = "<group>"; };
		909CC03C1F114C93005172C3 /* Mtransform.h */ = {isa = PBXFileReference; lastKnownFileType = sourcecode.c.h; path = Mtransform.h; sourceTree = "<group>"; };
		909CC03D1F115605005172C3 /* Experiment.h */ = {isa = PBXFileReference; lastKnownFileType = sourcecode.c.h; path = Experiment.h; sourceTree = "<group>"; };
		909CC03E1F115642005172C3 /* Experiment.m */ = {isa = PBXFileReference; fileEncoding = 4; lastKnownFileType = sourcecode.c.objc; path = Experiment.m; sourceTree = "<group>"; };
/* End PBXFileReference section */

/* Begin PBXFrameworksBuildPhase section */
		909CBFF01F0E8E6F005172C3 /* Frameworks */ = {
			isa = PBXFrameworksBuildPhase;
			buildActionMask = 2147483647;
			files = (
				909CC0361F1131C5005172C3 /* SceneKit.framework in Frameworks */,
				909CC0341F1131B7005172C3 /* CoreGraphics.framework in Frameworks */,
			);
			runOnlyForDeploymentPostprocessing = 0;
		};
		909CC0091F0E8E6F005172C3 /* Frameworks */ = {
			isa = PBXFrameworksBuildPhase;
			buildActionMask = 2147483647;
			files = (
			);
			runOnlyForDeploymentPostprocessing = 0;
		};
		909CC0141F0E8E6F005172C3 /* Frameworks */ = {
			isa = PBXFrameworksBuildPhase;
			buildActionMask = 2147483647;
			files = (
			);
			runOnlyForDeploymentPostprocessing = 0;
		};
/* End PBXFrameworksBuildPhase section */

/* Begin PBXGroup section */
		909CBFEA1F0E8E6F005172C3 = {
			isa = PBXGroup;
			children = (
				909CBFF51F0E8E6F005172C3 /* MendezTransform */,
				909CC00F1F0E8E6F005172C3 /* MendezTransformTests */,
				909CC01A1F0E8E6F005172C3 /* MendezTransformUITests */,
				909CBFF41F0E8E6F005172C3 /* Products */,
				909CC0321F1131B7005172C3 /* Frameworks */,
			);
			sourceTree = "<group>";
		};
		909CBFF41F0E8E6F005172C3 /* Products */ = {
			isa = PBXGroup;
			children = (
				909CBFF31F0E8E6F005172C3 /* MendezTransform.app */,
				909CC00C1F0E8E6F005172C3 /* MendezTransformTests.xctest */,
				909CC0171F0E8E6F005172C3 /* MendezTransformUITests.xctest */,
			);
			name = Products;
			sourceTree = "<group>";
		};
		909CBFF51F0E8E6F005172C3 /* MendezTransform */ = {
			isa = PBXGroup;
			children = (
				909CBFF91F0E8E6F005172C3 /* AppDelegate.h */,
				909CBFFA1F0E8E6F005172C3 /* AppDelegate.m */,
				909CBFFC1F0E8E6F005172C3 /* ViewController.h */,
				909CBFFD1F0E8E6F005172C3 /* ViewController.m */,
				909CBFFF1F0E8E6F005172C3 /* Main.storyboard */,
				909CC0021F0E8E6F005172C3 /* Assets.xcassets */,
				909CC0041F0E8E6F005172C3 /* LaunchScreen.storyboard */,
				909CC0071F0E8E6F005172C3 /* Info.plist */,
				909CBFF61F0E8E6F005172C3 /* Supporting Files */,
				909CC02B1F0E9538005172C3 /* Rotation.h */,
				909CC0291F0E951A005172C3 /* Rotation.m */,
				909CC02C1F0EAC53005172C3 /* SpherePoint.h */,
				909CC02D1F0EAC88005172C3 /* SpherePoint.m */,
				909CC02F1F112FC9005172C3 /* SphereGrid.h */,
				909CC0301F11305F005172C3 /* SphereGrid.m */,
				909CC0391F114300005172C3 /* SphereFunction.h */,
				909CC0371F11427C005172C3 /* SphereFunction.m */,
				909CC03C1F114C93005172C3 /* Mtransform.h */,
				909CC03A1F114C1E005172C3 /* Mtransform.m */,
				903772391F120F10005F1A2B /* MendezTransformView.h */,
				9037723A1F120F10005F1A2B /* MendezTransformView.m */,
				909CC03D1F115605005172C3 /* Experiment.h */,
				909CC03E1F115642005172C3 /* Experiment.m */,
				9037723C1F12148E005F1A2B /* MendezTransformViewController.h */,
				9037723D1F12148E005F1A2B /* MendezTransformViewController.m */,
				9037723F1F127FC1005F1A2B /* MendezView.h */,
				903772401F127FC1005F1A2B /* MendezView.m */,
			);
			path = MendezTransform;
			sourceTree = "<group>";
		};
		909CBFF61F0E8E6F005172C3 /* Supporting Files */ = {
			isa = PBXGroup;
			children = (
				903772371F115D62005F1A2B /* blackwhite.png */,
				909CBFF71F0E8E6F005172C3 /* main.m */,
			);
			name = "Supporting Files";
			sourceTree = "<group>";
		};
		909CC00F1F0E8E6F005172C3 /* MendezTransformTests */ = {
			isa = PBXGroup;
			children = (
				909CC0101F0E8E6F005172C3 /* MendezTransformTests.m */,
				909CC0121F0E8E6F005172C3 /* Info.plist */,
			);
			path = MendezTransformTests;
			sourceTree = "<group>";
		};
		909CC01A1F0E8E6F005172C3 /* MendezTransformUITests */ = {
			isa = PBXGroup;
			children = (
				909CC01B1F0E8E6F005172C3 /* MendezTransformUITests.m */,
				909CC01D1F0E8E6F005172C3 /* Info.plist */,
			);
			path = MendezTransformUITests;
			sourceTree = "<group>";
		};
		909CC0321F1131B7005172C3 /* Frameworks */ = {
			isa = PBXGroup;
			children = (
				909CC0351F1131C5005172C3 /* SceneKit.framework */,
				909CC0331F1131B7005172C3 /* CoreGraphics.framework */,
			);
			name = Frameworks;
			sourceTree = "<group>";
		};
/* End PBXGroup section */

/* Begin PBXNativeTarget section */
		909CBFF21F0E8E6F005172C3 /* MendezTransform */ = {
			isa = PBXNativeTarget;
			buildConfigurationList = 909CC0201F0E8E6F005172C3 /* Build configuration list for PBXNativeTarget "MendezTransform" */;
			buildPhases = (
				909CBFEF1F0E8E6F005172C3 /* Sources */,
				909CBFF01F0E8E6F005172C3 /* Frameworks */,
				909CBFF11F0E8E6F005172C3 /* Resources */,
			);
			buildRules = (
			);
			dependencies = (
			);
			name = MendezTransform;
			productName = MendezTransform;
			productReference = 909CBFF31F0E8E6F005172C3 /* MendezTransform.app */;
			productType = "com.apple.product-type.application";
		};
		909CC00B1F0E8E6F005172C3 /* MendezTransformTests */ = {
			isa = PBXNativeTarget;
			buildConfigurationList = 909CC0231F0E8E6F005172C3 /* Build configuration list for PBXNativeTarget "MendezTransformTests" */;
			buildPhases = (
				909CC0081F0E8E6F005172C3 /* Sources */,
				909CC0091F0E8E6F005172C3 /* Frameworks */,
				909CC00A1F0E8E6F005172C3 /* Resources */,
			);
			buildRules = (
			);
			dependencies = (
				909CC00E1F0E8E6F005172C3 /* PBXTargetDependency */,
			);
			name = MendezTransformTests;
			productName = MendezTransformTests;
			productReference = 909CC00C1F0E8E6F005172C3 /* MendezTransformTests.xctest */;
			productType = "com.apple.product-type.bundle.unit-test";
		};
		909CC0161F0E8E6F005172C3 /* MendezTransformUITests */ = {
			isa = PBXNativeTarget;
			buildConfigurationList = 909CC0261F0E8E6F005172C3 /* Build configuration list for PBXNativeTarget "MendezTransformUITests" */;
			buildPhases = (
				909CC0131F0E8E6F005172C3 /* Sources */,
				909CC0141F0E8E6F005172C3 /* Frameworks */,
				909CC0151F0E8E6F005172C3 /* Resources */,
			);
			buildRules = (
			);
			dependencies = (
				909CC0191F0E8E6F005172C3 /* PBXTargetDependency */,
			);
			name = MendezTransformUITests;
			productName = MendezTransformUITests;
			productReference = 909CC0171F0E8E6F005172C3 /* MendezTransformUITests.xctest */;
			productType = "com.apple.product-type.bundle.ui-testing";
		};
/* End PBXNativeTarget section */

/* Begin PBXProject section */
		909CBFEB1F0E8E6F005172C3 /* Project object */ = {
			isa = PBXProject;
			attributes = {
				LastUpgradeCheck = 0800;
				ORGANIZATIONNAME = "Andreas Müller";
				TargetAttributes = {
					909CBFF21F0E8E6F005172C3 = {
						CreatedOnToolsVersion = 8.0;
						DevelopmentTeam = CZ5HK53AQ9;
						ProvisioningStyle = Automatic;
					};
					909CC00B1F0E8E6F005172C3 = {
						CreatedOnToolsVersion = 8.0;
						ProvisioningStyle = Automatic;
						TestTargetID = 909CBFF21F0E8E6F005172C3;
					};
					909CC0161F0E8E6F005172C3 = {
						CreatedOnToolsVersion = 8.0;
						ProvisioningStyle = Automatic;
						TestTargetID = 909CBFF21F0E8E6F005172C3;
					};
				};
			};
			buildConfigurationList = 909CBFEE1F0E8E6F005172C3 /* Build configuration list for PBXProject "MendezTransform" */;
			compatibilityVersion = "Xcode 3.2";
			developmentRegion = English;
			hasScannedForEncodings = 0;
			knownRegions = (
				en,
				Base,
			);
			mainGroup = 909CBFEA1F0E8E6F005172C3;
			productRefGroup = 909CBFF41F0E8E6F005172C3 /* Products */;
			projectDirPath = "";
			projectRoot = "";
			targets = (
				909CBFF21F0E8E6F005172C3 /* MendezTransform */,
				909CC00B1F0E8E6F005172C3 /* MendezTransformTests */,
				909CC0161F0E8E6F005172C3 /* MendezTransformUITests */,
			);
		};
/* End PBXProject section */

/* Begin PBXResourcesBuildPhase section */
		909CBFF11F0E8E6F005172C3 /* Resources */ = {
			isa = PBXResourcesBuildPhase;
			buildActionMask = 2147483647;
			files = (
				909CC0061F0E8E6F005172C3 /* LaunchScreen.storyboard in Resources */,
				909CC0031F0E8E6F005172C3 /* Assets.xcassets in Resources */,
				909CC0011F0E8E6F005172C3 /* Main.storyboard in Resources */,
				903772381F115D62005F1A2B /* blackwhite.png in Resources */,
			);
			runOnlyForDeploymentPostprocessing = 0;
		};
		909CC00A1F0E8E6F005172C3 /* Resources */ = {
			isa = PBXResourcesBuildPhase;
			buildActionMask = 2147483647;
			files = (
			);
			runOnlyForDeploymentPostprocessing = 0;
		};
		909CC0151F0E8E6F005172C3 /* Resources */ = {
			isa = PBXResourcesBuildPhase;
			buildActionMask = 2147483647;
			files = (
			);
			runOnlyForDeploymentPostprocessing = 0;
		};
/* End PBXResourcesBuildPhase section */

/* Begin PBXSourcesBuildPhase section */
		909CBFEF1F0E8E6F005172C3 /* Sources */ = {
			isa = PBXSourcesBuildPhase;
			buildActionMask = 2147483647;
			files = (
				909CC03F1F115642005172C3 /* Experiment.m in Sources */,
				909CC03B1F114C1E005172C3 /* Mtransform.m in Sources */,
				909CBFFE1F0E8E6F005172C3 /* ViewController.m in Sources */,
				9037723E1F12148E005F1A2B /* MendezTransformViewController.m in Sources */,
				909CC02A1F0E951A005172C3 /* Rotation.m in Sources */,
				9037723B1F120F10005F1A2B /* MendezTransformView.m in Sources */,
				909CC0381F11427C005172C3 /* SphereFunction.m in Sources */,
				909CC02E1F0EAC88005172C3 /* SpherePoint.m in Sources */,
				909CBFFB1F0E8E6F005172C3 /* AppDelegate.m in Sources */,
				903772411F127FC1005F1A2B /* MendezView.m in Sources */,
				909CC0311F11305F005172C3 /* SphereGrid.m in Sources */,
				909CBFF81F0E8E6F005172C3 /* main.m in Sources */,
			);
			runOnlyForDeploymentPostprocessing = 0;
		};
		909CC0081F0E8E6F005172C3 /* Sources */ = {
			isa = PBXSourcesBuildPhase;
			buildActionMask = 2147483647;
			files = (
				909CC0111F0E8E6F005172C3 /* MendezTransformTests.m in Sources */,
			);
			runOnlyForDeploymentPostprocessing = 0;
		};
		909CC0131F0E8E6F005172C3 /* Sources */ = {
			isa = PBXSourcesBuildPhase;
			buildActionMask = 2147483647;
			files = (
				909CC01C1F0E8E6F005172C3 /* MendezTransformUITests.m in Sources */,
			);
			runOnlyForDeploymentPostprocessing = 0;
		};
/* End PBXSourcesBuildPhase section */

/* Begin PBXTargetDependency section */
		909CC00E1F0E8E6F005172C3 /* PBXTargetDependency */ = {
			isa = PBXTargetDependency;
			target = 909CBFF21F0E8E6F005172C3 /* MendezTransform */;
			targetProxy = 909CC00D1F0E8E6F005172C3 /* PBXContainerItemProxy */;
		};
		909CC0191F0E8E6F005172C3 /* PBXTargetDependency */ = {
			isa = PBXTargetDependency;
			target = 909CBFF21F0E8E6F005172C3 /* MendezTransform */;
			targetProxy = 909CC0181F0E8E6F005172C3 /* PBXContainerItemProxy */;
		};
/* End PBXTargetDependency section */

/* Begin PBXVariantGroup section */
		909CBFFF1F0E8E6F005172C3 /* Main.storyboard */ = {
			isa = PBXVariantGroup;
			children = (
				909CC0001F0E8E6F005172C3 /* Base */,
			);
			name = Main.storyboard;
			sourceTree = "<group>";
		};
		909CC0041F0E8E6F005172C3 /* LaunchScreen.storyboard */ = {
			isa = PBXVariantGroup;
			children = (
				909CC0051F0E8E6F005172C3 /* Base */,
			);
			name = LaunchScreen.storyboard;
			sourceTree = "<group>";
		};
/* End PBXVariantGroup section */

/* Begin XCBuildConfiguration section */
		909CC01E1F0E8E6F005172C3 /* Debug */ = {
			isa = XCBuildConfiguration;
			buildSettings = {
				ALWAYS_SEARCH_USER_PATHS = NO;
				CLANG_ANALYZER_NONNULL = YES;
				CLANG_CXX_LANGUAGE_STANDARD = "gnu++0x";
				CLANG_CXX_LIBRARY = "libc++";
				CLANG_ENABLE_MODULES = YES;
				CLANG_ENABLE_OBJC_ARC = YES;
				CLANG_WARN_BOOL_CONVERSION = YES;
				CLANG_WARN_CONSTANT_CONVERSION = YES;
				CLANG_WARN_DIRECT_OBJC_ISA_USAGE = YES_ERROR;
				CLANG_WARN_DOCUMENTATION_COMMENTS = YES;
				CLANG_WARN_EMPTY_BODY = YES;
				CLANG_WARN_ENUM_CONVERSION = YES;
				CLANG_WARN_INFINITE_RECURSION = YES;
				CLANG_WARN_INT_CONVERSION = YES;
				CLANG_WARN_OBJC_ROOT_CLASS = YES_ERROR;
				CLANG_WARN_SUSPICIOUS_MOVES = YES;
				CLANG_WARN_UNREACHABLE_CODE = YES;
				CLANG_WARN__DUPLICATE_METHOD_MATCH = YES;
				"CODE_SIGN_IDENTITY[sdk=iphoneos*]" = "iPhone Developer";
				COPY_PHASE_STRIP = NO;
				DEBUG_INFORMATION_FORMAT = dwarf;
				ENABLE_STRICT_OBJC_MSGSEND = YES;
				ENABLE_TESTABILITY = YES;
				GCC_C_LANGUAGE_STANDARD = gnu99;
				GCC_DYNAMIC_NO_PIC = NO;
				GCC_NO_COMMON_BLOCKS = YES;
				GCC_OPTIMIZATION_LEVEL = 0;
				GCC_PREPROCESSOR_DEFINITIONS = (
					"DEBUG=1",
					"$(inherited)",
				);
				GCC_WARN_64_TO_32_BIT_CONVERSION = YES;
				GCC_WARN_ABOUT_RETURN_TYPE = YES_ERROR;
				GCC_WARN_UNDECLARED_SELECTOR = YES;
				GCC_WARN_UNINITIALIZED_AUTOS = YES_AGGRESSIVE;
				GCC_WARN_UNUSED_FUNCTION = YES;
				GCC_WARN_UNUSED_VARIABLE = YES;
				IPHONEOS_DEPLOYMENT_TARGET = 10.0;
				MTL_ENABLE_DEBUG_INFO = YES;
				ONLY_ACTIVE_ARCH = YES;
				SDKROOT = iphoneos;
				TARGETED_DEVICE_FAMILY = 2;
			};
			name = Debug;
		};
		909CC01F1F0E8E6F005172C3 /* Release */ = {
			isa = XCBuildConfiguration;
			buildSettings = {
				ALWAYS_SEARCH_USER_PATHS = NO;
				CLANG_ANALYZER_NONNULL = YES;
				CLANG_CXX_LANGUAGE_STANDARD = "gnu++0x";
				CLANG_CXX_LIBRARY = "libc++";
				CLANG_ENABLE_MODULES = YES;
				CLANG_ENABLE_OBJC_ARC = YES;
				CLANG_WARN_BOOL_CONVERSION = YES;
				CLANG_WARN_CONSTANT_CONVERSION = YES;
				CLANG_WARN_DIRECT_OBJC_ISA_USAGE = YES_ERROR;
				CLANG_WARN_DOCUMENTATION_COMMENTS = YES;
				CLANG_WARN_EMPTY_BODY = YES;
				CLANG_WARN_ENUM_CONVERSION = YES;
				CLANG_WARN_INFINITE_RECURSION = YES;
				CLANG_WARN_INT_CONVERSION = YES;
				CLANG_WARN_OBJC_ROOT_CLASS = YES_ERROR;
				CLANG_WARN_SUSPICIOUS_MOVES = YES;
				CLANG_WARN_UNREACHABLE_CODE = YES;
				CLANG_WARN__DUPLICATE_METHOD_MATCH = YES;
				"CODE_SIGN_IDENTITY[sdk=iphoneos*]" = "iPhone Developer";
				COPY_PHASE_STRIP = NO;
				DEBUG_INFORMATION_FORMAT = "dwarf-with-dsym";
				ENABLE_NS_ASSERTIONS = NO;
				ENABLE_STRICT_OBJC_MSGSEND = YES;
				GCC_C_LANGUAGE_STANDARD = gnu99;
				GCC_NO_COMMON_BLOCKS = YES;
				GCC_WARN_64_TO_32_BIT_CONVERSION = YES;
				GCC_WARN_ABOUT_RETURN_TYPE = YES_ERROR;
				GCC_WARN_UNDECLARED_SELECTOR = YES;
				GCC_WARN_UNINITIALIZED_AUTOS = YES_AGGRESSIVE;
				GCC_WARN_UNUSED_FUNCTION = YES;
				GCC_WARN_UNUSED_VARIABLE = YES;
				IPHONEOS_DEPLOYMENT_TARGET = 10.0;
				MTL_ENABLE_DEBUG_INFO = NO;
				SDKROOT = iphoneos;
				TARGETED_DEVICE_FAMILY = 2;
				VALIDATE_PRODUCT = YES;
			};
			name = Release;
		};
		909CC0211F0E8E6F005172C3 /* Debug */ = {
			isa = XCBuildConfiguration;
			buildSettings = {
				ASSETCATALOG_COMPILER_APPICON_NAME = AppIcon;
				DEVELOPMENT_TEAM = CZ5HK53AQ9;
				INFOPLIST_FILE = MendezTransform/Info.plist;
				LD_RUNPATH_SEARCH_PATHS = "$(inherited) @executable_path/Frameworks";
				PRODUCT_BUNDLE_IDENTIFIER = ch.othello.MendezTransform;
				PRODUCT_NAME = "$(TARGET_NAME)";
			};
			name = Debug;
		};
		909CC0221F0E8E6F005172C3 /* Release */ = {
			isa = XCBuildConfiguration;
			buildSettings = {
				ASSETCATALOG_COMPILER_APPICON_NAME = AppIcon;
				DEVELOPMENT_TEAM = CZ5HK53AQ9;
				INFOPLIST_FILE = MendezTransform/Info.plist;
				LD_RUNPATH_SEARCH_PATHS = "$(inherited) @executable_path/Frameworks";
				PRODUCT_BUNDLE_IDENTIFIER = ch.othello.MendezTransform;
				PRODUCT_NAME = "$(TARGET_NAME)";
			};
			name = Release;
		};
		909CC0241F0E8E6F005172C3 /* Debug */ = {
			isa = XCBuildConfiguration;
			buildSettings = {
				BUNDLE_LOADER = "$(TEST_HOST)";
				INFOPLIST_FILE = MendezTransformTests/Info.plist;
				LD_RUNPATH_SEARCH_PATHS = "$(inherited) @executable_path/Frameworks @loader_path/Frameworks";
				PRODUCT_BUNDLE_IDENTIFIER = ch.othello.MendezTransformTests;
				PRODUCT_NAME = "$(TARGET_NAME)";
				TEST_HOST = "$(BUILT_PRODUCTS_DIR)/MendezTransform.app/MendezTransform";
			};
			name = Debug;
		};
		909CC0251F0E8E6F005172C3 /* Release */ = {
			isa = XCBuildConfiguration;
			buildSettings = {
				BUNDLE_LOADER = "$(TEST_HOST)";
				INFOPLIST_FILE = MendezTransformTests/Info.plist;
				LD_RUNPATH_SEARCH_PATHS = "$(inherited) @executable_path/Frameworks @loader_path/Frameworks";
				PRODUCT_BUNDLE_IDENTIFIER = ch.othello.MendezTransformTests;
				PRODUCT_NAME = "$(TARGET_NAME)";
				TEST_HOST = "$(BUILT_PRODUCTS_DIR)/MendezTransform.app/MendezTransform";
			};
			name = Release;
		};
		909CC0271F0E8E6F005172C3 /* Debug */ = {
			isa = XCBuildConfiguration;
			buildSettings = {
				INFOPLIST_FILE = MendezTransformUITests/Info.plist;
				LD_RUNPATH_SEARCH_PATHS = "$(inherited) @executable_path/Frameworks @loader_path/Frameworks";
				PRODUCT_BUNDLE_IDENTIFIER = ch.othello.MendezTransformUITests;
				PRODUCT_NAME = "$(TARGET_NAME)";
				TEST_TARGET_NAME = MendezTransform;
			};
			name = Debug;
		};
		909CC0281F0E8E6F005172C3 /* Release */ = {
			isa = XCBuildConfiguration;
			buildSettings = {
				INFOPLIST_FILE = MendezTransformUITests/Info.plist;
				LD_RUNPATH_SEARCH_PATHS = "$(inherited) @executable_path/Frameworks @loader_path/Frameworks";
				PRODUCT_BUNDLE_IDENTIFIER = ch.othello.MendezTransformUITests;
				PRODUCT_NAME = "$(TARGET_NAME)";
				TEST_TARGET_NAME = MendezTransform;
			};
			name = Release;
		};
/* End XCBuildConfiguration section */

/* Begin XCConfigurationList section */
		909CBFEE1F0E8E6F005172C3 /* Build configuration list for PBXProject "MendezTransform" */ = {
			isa = XCConfigurationList;
			buildConfigurations = (
				909CC01E1F0E8E6F005172C3 /* Debug */,
				909CC01F1F0E8E6F005172C3 /* Release */,
			);
			defaultConfigurationIsVisible = 0;
			defaultConfigurationName = Release;
		};
		909CC0201F0E8E6F005172C3 /* Build configuration list for PBXNativeTarget "MendezTransform" */ = {
			isa = XCConfigurationList;
			buildConfigurations = (
				909CC0211F0E8E6F005172C3 /* Debug */,
				909CC0221F0E8E6F005172C3 /* Release */,
			);
			defaultConfigurationIsVisible = 0;
			defaultConfigurationName = Release;
		};
		909CC0231F0E8E6F005172C3 /* Build configuration list for PBXNativeTarget "MendezTransformTests" */ = {
			isa = XCConfigurationList;
			buildConfigurations = (
				909CC0241F0E8E6F005172C3 /* Debug */,
				909CC0251F0E8E6F005172C3 /* Release */,
			);
			defaultConfigurationIsVisible = 0;
			defaultConfigurationName = Release;
		};
		909CC0261F0E8E6F005172C3 /* Build configuration list for PBXNativeTarget "MendezTransformUITests" */ = {
			isa = XCConfigurationList;
			buildConfigurations = (
				909CC0271F0E8E6F005172C3 /* Debug */,
				909CC0281F0E8E6F005172C3 /* Release */,
			);
			defaultConfigurationIsVisible = 0;
			defaultConfigurationName = Release;
		};
/* End XCConfigurationList section */
	};
	rootObject = 909CBFEB1F0E8E6F005172C3 /* Project object */;
}
